PODS:
  - AFNetworking (3.2.1):
    - AFNetworking/NSURLSession (= 3.2.1)
    - AFNetworking/Reachability (= 3.2.1)
    - AFNetworking/Security (= 3.2.1)
    - AFNetworking/Serialization (= 3.2.1)
    - AFNetworking/UIKit (= 3.2.1)
  - AFNetworking/NSURLSession (3.2.1):
    - AFNetworking/Reachability
    - AFNetworking/Security
    - AFNetworking/Serialization
  - AFNetworking/Reachability (3.2.1)
  - AFNetworking/Security (3.2.1)
  - AFNetworking/Serialization (3.2.1)
  - GBDeviceInfo (6.3.0):
    - GBDeviceInfo/Core (= 6.3.0)
  - GBDeviceInfo/Core (6.3.0)

DEPENDENCIES:
  - AFNetworking (~> 3.0)
  - GBDeviceInfo (~> 6.0)

SPEC REPOS:
  https://github.com/cocoapods/specs.git:
    - AFNetworking
    - GBDeviceInfo

SPEC CHECKSUMS:
  AFNetworking: b6f891fdfaed196b46c7a83cf209e09697b94057
  GBDeviceInfo: a3f39dba1a04dcb630abff65d6f7e8fbf319eadd

PODFILE CHECKSUM: 831f1ba5fc4ab087a675701a74b227c174bed687

COCOAPODS: 1.7.3
