// !$*UTF8*$!
{
	archiveVersion = 1;
	classes = {
	};
	objectVersion = 50;
	objects = {

/* Begin PBXBuildFile section */
		03D20D498D484C08EB3044B1DFA3E0AA /* Database.m in Sources */ = {isa = PBXBuildFile; fileRef = 488F70EFD6B28DA1F6C251380B69BC05 /* Database.m */; };
		0812A5EA0923D2697E620154C7587287 /* GenericItemRepo.h in Headers */ = {isa = PBXBuildFile; fileRef = 567812C103055CE01C0BC7772B542427 /* GenericItemRepo.h */; settings = {ATTRIBUTES = (Public, ); }; };
		0BE35FD392C649FD6C190DBA2287A55B /* UnitOfWork.h in Headers */ = {isa = PBXBuildFile; fileRef = AC7A8CA8C9A973F02C575ED0FBF482C6 /* UnitOfWork.h */; settings = {ATTRIBUTES = (Public, ); }; };
		0F76D47D397649C80884A63EA2BE5C26 /* FMDB.h in Headers */ = {isa = PBXBuildFile; fileRef = 1417C47702DD004EF8EBF52375276991 /* FMDB.h */; settings = {ATTRIBUTES = (Public, ); }; };
		10CD2876F6CE9CC562501ED83F70A349 /* Main.storyboard in Resources */ = {isa = PBXBuildFile; fileRef = 66834D7330B58847243B8B63EE7C8F0A /* Main.storyboard */; };
		1932320473CAC9E7414AFF81F2B0ABA2 /* TPLProjectName_macOSTests.m in Sources */ = {isa = PBXBuildFile; fileRef = CF138EB1A4B18C55C6AB9271608C583D /* TPLProjectName_macOSTests.m */; };
		20C5E2210CC44DC700EA49A3A6D6DAFA /* IBaseRepo.h in Headers */ = {isa = PBXBuildFile; fileRef = F4C4E83255E12302D7F2F05C58675CB4 /* IBaseRepo.h */; settings = {ATTRIBUTES = (Public, ); }; };
		21F1632DA0CAA25C51795F2CA2D90242 /* NetworkingFactory.h in Headers */ = {isa = PBXBuildFile; fileRef = 6D5333CB6661FCF577136089285501AA /* NetworkingFactory.h */; settings = {ATTRIBUTES = (Public, ); }; };
		23AEC247A4CC83CBB60E217809A30F0C /* TPLProjectName_iOSTests.m in Sources */ = {isa = PBXBuildFile; fileRef = BCF8C56A07AB41869A58B4CC11594722 /* TPLProjectName_iOSTests.m */; };
		299728FBC1CD8C7D4D5C40A57B6A0DB5 /* Database.h in Headers */ = {isa = PBXBuildFile; fileRef = 98CBF13F4037693AD75435EF2DA8CF34 /* Database.h */; settings = {ATTRIBUTES = (Public, ); }; };
		2A12A656850E4C4E4208C54653B4DC92 /* sqlite3.h in Headers */ = {isa = PBXBuildFile; fileRef = 9F17A58825D7ADC8916DC62D67EF61B2 /* sqlite3.h */; settings = {ATTRIBUTES = (Public, ); }; };
		2D25CC235E1E1FB714F05F21C8531616 /* LICENSE.txt in Resources */ = {isa = PBXBuildFile; fileRef = EF9A6BC480D318107F19D16E82119CA5 /* LICENSE.txt */; };
		31F56D891E0FB4CCE0158AB594DC60DA /* Shared.framework in Embed Frameworks */ = {isa = PBXBuildFile; fileRef = F6F24D087B6E034415EEE9F9CB2D40F9 /* Shared.framework */; settings = {ATTRIBUTES = (CodeSignOnCopy, RemoveHeadersOnCopy, ); }; };
		328BB2BA6B47FF8819932C69610762E7 /* AppDelegate.m in Sources */ = {isa = PBXBuildFile; fileRef = ECE849B810276B892EBB28F3DFD6A683 /* AppDelegate.m */; };
		351EA9DB965BDACDE1CD70EC00E4FFD2 /* IUnitOfWork.h in Headers */ = {isa = PBXBuildFile; fileRef = 42EA17B2F390D07850E1AF431B6F22C6 /* IUnitOfWork.h */; settings = {ATTRIBUTES = (Public, ); }; };
		3B703D037C7B96F2C3FA67E73CCF4C22 /* main.m in Sources */ = {isa = PBXBuildFile; fileRef = 822675CD0AA76D5293A25914191A7436 /* main.m */; };
		3D2F7AF9F7338CAFD7ECA2E2D45F780D /* FMDatabase.h in Headers */ = {isa = PBXBuildFile; fileRef = 52D7F8B5E23646F7B39A26B8627E3946 /* FMDatabase.h */; settings = {ATTRIBUTES = (Public, ); }; };
		3FC321CD15F18853DC58273001D48887 /* FMDatabase.m in Sources */ = {isa = PBXBuildFile; fileRef = 13531584BE49666F4F3D5CFFDC4E23D0 /* FMDatabase.m */; };
		40443961BA54B785DE17740196CE0283 /* IHTTPManager.h in Headers */ = {isa = PBXBuildFile; fileRef = 5965D345C4898FD836C1F68E51F8F0E6 /* IHTTPManager.h */; settings = {ATTRIBUTES = (Public, ); }; };
		434AD2D01926E06DB41DFAF29EE83564 /* Core.h in Headers */ = {isa = PBXBuildFile; fileRef = B79BFB00FD55F91DEA839A3D86751846 /* Core.h */; settings = {ATTRIBUTES = (Public, ); }; };
		448FF690541F461E40A2C1500642EFA2 /* UnitOfWork.m in Sources */ = {isa = PBXBuildFile; fileRef = 6BF74C3BEC6DB785057D6ACCFACEB121 /* UnitOfWork.m */; };
		47F37FA2335336207A33C0B39FDA7C9B /* IDatabase.h in Headers */ = {isa = PBXBuildFile; fileRef = B92192517546D73C1AD0EEBF03579907 /* IDatabase.h */; settings = {ATTRIBUTES = (Public, ); }; };
		4AF8AF969EF24F9F9DD13BD99DF100E4 /* Core.framework in Embed Frameworks */ = {isa = PBXBuildFile; fileRef = 5B1EE8FDE24FDDD04A927F18881AD0DD /* Core.framework */; settings = {ATTRIBUTES = (CodeSignOnCopy, RemoveHeadersOnCopy, ); }; };
		4D5C9C3E792CBCB926F71AAA64366863 /* APIConfig.h in Headers */ = {isa = PBXBuildFile; fileRef = 90ABB659BC7FF2F7E378CDA28721207D /* APIConfig.h */; settings = {ATTRIBUTES = (Public, ); }; };
		5820FB2E91F50047E262F9392EBF9A09 /* AFHTTPManager.m in Sources */ = {isa = PBXBuildFile; fileRef = C747D419E647CE243F984F7803C8A351 /* AFHTTPManager.m */; };
		5A4B76672FCF66F884BF415974E34FA5 /* FMDatabaseAdditions.h in Headers */ = {isa = PBXBuildFile; fileRef = 0BEA92221CB81A19613C28BFA7BBC6B7 /* FMDatabaseAdditions.h */; settings = {ATTRIBUTES = (Public, ); }; };
		5CAFF181D8AD199AAB39337B3D95E6F6 /* ViewController.m in Sources */ = {isa = PBXBuildFile; fileRef = 8ED71B2798435003A4AE46F7EEA67445 /* ViewController.m */; };
		5F186B217A581A05B26D5719BBF2E8CB /* main.m in Sources */ = {isa = PBXBuildFile; fileRef = 4FE5E0C582D0B869B48144DCE24A2EBC /* main.m */; };
		5FC1B13066F9744A2477B1DB542BE006 /* Item.h in Headers */ = {isa = PBXBuildFile; fileRef = EB1E0F99CB09CF82941215DB9372426C /* Item.h */; settings = {ATTRIBUTES = (Public, ); }; };
		63DF932A4084FA8A5E3190D9F16D6C12 /* LaunchScreen.storyboard in Resources */ = {isa = PBXBuildFile; fileRef = 6F1DB51125E3058B092B6C8D63C23E25 /* LaunchScreen.storyboard */; };
		68BF04EF71FA722E2A7CD750652C25C3 /* Core.framework in Frameworks */ = {isa = PBXBuildFile; fileRef = 5B1EE8FDE24FDDD04A927F18881AD0DD /* Core.framework */; };
		6A44BC3FB1824A1A4A7CB5F6CC1D8CB6 /* Shared.h in Headers */ = {isa = PBXBuildFile; fileRef = B4172A32F936677C1EA2ED9F6FFE1FC8 /* Shared.h */; settings = {ATTRIBUTES = (Public, ); }; };
		6D129861F4D211779803C5F01D6EABC0 /* Assets.xcassets in Resources */ = {isa = PBXBuildFile; fileRef = EA58E5121329C93E187255E9E4B01CC9 /* Assets.xcassets */; };
		70221CA32CA9D23F34014958267EF58E /* Assets.xcassets in Resources */ = {isa = PBXBuildFile; fileRef = CE4373ACB693AB41AF817F308EABCA7D /* Assets.xcassets */; };
		874E9A4CFC2FDAA6DB5FD5F15041EB07 /* HTTPManagerTests.m in Sources */ = {isa = PBXBuildFile; fileRef = 38E25134036A48073D2E1C289B51DAFC /* HTTPManagerTests.m */; };
		8D261C5A151D1E4C8ABF0FA87B1B32B4 /* LICENSE.md in Resources */ = {isa = PBXBuildFile; fileRef = DB96A965D3AA78D74D71EC951D2B9224 /* LICENSE.md */; };
		8DD7B5DC13F61EB201273916 /* Pods_TPLProjectName_macOS.framework in Frameworks */ = {isa = PBXBuildFile; fileRef = 24F10535AB437D86A5B841D4 /* Pods_TPLProjectName_macOS.framework */; };
		91A4CFFF54138CAE199E74AC /* Pods_TPLProjectName_iOSTests.framework in Frameworks */ = {isa = PBXBuildFile; fileRef = 988AD3917C8C409DD679070C /* Pods_TPLProjectName_iOSTests.framework */; };
		940DBF03B2E9281314D6A9F06F28FA93 /* SharedTests.m in Sources */ = {isa = PBXBuildFile; fileRef = FD62BCA1F5EE9D79AA12979FF34F9BC0 /* SharedTests.m */; };
		974F4A521945F201E1CD9CBAA4971F9D /* README.markdown in Resources */ = {isa = PBXBuildFile; fileRef = 113D15769431DF37790460454D6C8F6A /* README.markdown */; };
		9A9D11B751A926FC8937C75A /* libPods-CoreTests.a in Frameworks */ = {isa = PBXBuildFile; fileRef = 406330FB183C00701BB54682 /* libPods-CoreTests.a */; };
		A30DBD42237508FD00D9343C /* APICredentials.h in Headers */ = {isa = PBXBuildFile; fileRef = A30DBD40237508FD00D9343C /* APICredentials.h */; };
		A30DBD43237508FD00D9343C /* APICredentials.m in Sources */ = {isa = PBXBuildFile; fileRef = A30DBD41237508FD00D9343C /* APICredentials.m */; };
		A30DBD462375090C00D9343C /* APICredentialsComponents.h in Headers */ = {isa = PBXBuildFile; fileRef = A30DBD442375090C00D9343C /* APICredentialsComponents.h */; };
		A30DBD472375090C00D9343C /* APICredentialsComponents.m in Sources */ = {isa = PBXBuildFile; fileRef = A30DBD452375090C00D9343C /* APICredentialsComponents.m */; };
		A30DBD4A2375091F00D9343C /* APICredentialsComponentsError.h in Headers */ = {isa = PBXBuildFile; fileRef = A30DBD482375091F00D9343C /* APICredentialsComponentsError.h */; };
		A30DBD4B2375091F00D9343C /* APICredentialsComponentsError.m in Sources */ = {isa = PBXBuildFile; fileRef = A30DBD492375091F00D9343C /* APICredentialsComponentsError.m */; };
		A94480F30405BD4E386E5BF3454793A2 /* FMDatabasePool.m in Sources */ = {isa = PBXBuildFile; fileRef = 441019A6F8892D1CFCCD2AFB47148659 /* FMDatabasePool.m */; };
		AE25304BBAD3A87F9A8337D10BABF4CA /* FMDatabaseQueue.m in Sources */ = {isa = PBXBuildFile; fileRef = B24C53C292BD6C9036A08ABFD923012D /* FMDatabaseQueue.m */; };
		B2FA42ED8D13168FCE826F62 /* Pods_TPLProjectName_iOS.framework in Frameworks */ = {isa = PBXBuildFile; fileRef = DF4F8D7D8E69E992DFC2F424 /* Pods_TPLProjectName_iOS.framework */; };
		B9F6E119BCA8154D0CE8A502AD813657 /* NetworkingFactory.m in Sources */ = {isa = PBXBuildFile; fileRef = 741012BA3515ECF2BA1DD503B1CD24DB /* NetworkingFactory.m */; };
		BC600CC7867CC5075A4AC3BA27B1A7E5 /* INetworkingFactory.h in Headers */ = {isa = PBXBuildFile; fileRef = 5217772148175DD55CFD97842667021F /* INetworkingFactory.h */; settings = {ATTRIBUTES = (Public, ); }; };
		BC73C4439518973A19275073 /* libPods-Core.a in Frameworks */ = {isa = PBXBuildFile; fileRef = A6F23AD0016BB292CE4D1F4E /* libPods-Core.a */; };
		BDAC55C76A4245E74E59410532493AA4 /* FMResultSet.h in Headers */ = {isa = PBXBuildFile; fileRef = 7D76C8174D60E9682A7D82AE57DE0EB4 /* FMResultSet.h */; settings = {ATTRIBUTES = (Public, ); }; };
		C4C2F03AFAFD885A04A21823FF7B4EF1 /* sqlite3.c in Sources */ = {isa = PBXBuildFile; fileRef = 6D44BF117BF4F2E6E648949FDC78DD18 /* sqlite3.c */; settings = {COMPILER_FLAGS = "-DNDEBUG -DSQLITE_HAS_CODEC -DSQLITE_TEMP_STORE=2 -DSQLITE_SOUNDEX -DSQLITE_THREADSAFE -DSQLITE_ENABLE_RTREE -DSQLITE_ENABLE_STAT3 -DSQLITE_ENABLE_STAT4 -DSQLITE_ENABLE_COLUMN_METADATA -DSQLITE_ENABLE_MEMORY_MANAGEMENT -DSQLITE_ENABLE_LOAD_EXTENSION -DSQLITE_ENABLE_FTS4 -DSQLITE_ENABLE_FTS4_UNICODE61 -DSQLITE_ENABLE_FTS3_PARENTHESIS -DSQLITE_ENABLE_UNLOCK_NOTIFY -DSQLITE_ENABLE_JSON1 -DSQLITE_ENABLE_FTS5 -DSQLCIPHER_CRYPTO_CC -DHAVE_USLEEP=1 -DSQLITE_MAX_VARIABLE_NUMBER=99999 -fno-objc-arc"; }; };
		CAC714512122DF54E5C35D2F2CDA93C7 /* FMDatabaseQueue.h in Headers */ = {isa = PBXBuildFile; fileRef = ABC345D673849D06C2FEB36003AD80A4 /* FMDatabaseQueue.h */; settings = {ATTRIBUTES = (Public, ); }; };
		CB25AF75010158BF5768626CED772FBD /* FMDatabaseAdditions.m in Sources */ = {isa = PBXBuildFile; fileRef = 8F7D7F973C993EFF402921DB5091E9E8 /* FMDatabaseAdditions.m */; };
		CC30FD9066418051A9966FC557EACC10 /* AppDelegate.m in Sources */ = {isa = PBXBuildFile; fileRef = C83D5167BF8E116EAD52884729E13D36 /* AppDelegate.m */; };
		CDD601371406874D6442986234AF78DE /* FMResultSet.m in Sources */ = {isa = PBXBuildFile; fileRef = 7FF1F0211F8BFECAD0FAB0DC42A1DD84 /* FMResultSet.m */; };
		CE78D575E2C5E1735FE00586A2BB0CF1 /* AFHTTPManager.h in Headers */ = {isa = PBXBuildFile; fileRef = D4567AB4D76732EDA3FD5FA8FD6E3589 /* AFHTTPManager.h */; settings = {ATTRIBUTES = (Public, ); }; };
		D15EC7E17AE15A3C33A02E791AC2BFAF /* APIConfig.m in Sources */ = {isa = PBXBuildFile; fileRef = 34B7D1D618AD7F8C9C81559E01E98EC1 /* APIConfig.m */; };
		D25A2CEC29C71D5D81A9EF49AC19035A /* GenericItemRepo.m in Sources */ = {isa = PBXBuildFile; fileRef = 83F9AD0ED050EC0BCD7C8C6EFC7B6E30 /* GenericItemRepo.m */; };
		D7BBF7AD25B67D711174456BE94497BF /* FMDatabasePool.h in Headers */ = {isa = PBXBuildFile; fileRef = 0B5749215ADA34EF0ECDE41C52561E5C /* FMDatabasePool.h */; settings = {ATTRIBUTES = (Public, ); }; };
		DC40068514A01651800F1E4FC87CB0E3 /* README.md in Resources */ = {isa = PBXBuildFile; fileRef = 6049CD17DDBD76CD0CD348A1B239910B /* README.md */; };
		E33FD697CD88BB674EBCB852976E23FD /* Shared.framework in Frameworks */ = {isa = PBXBuildFile; fileRef = F6F24D087B6E034415EEE9F9CB2D40F9 /* Shared.framework */; };
		E51472B2932FEDB393064E89C9B09EC1 /* CoreTests.m in Sources */ = {isa = PBXBuildFile; fileRef = BF9C7E2A62CCC7929F43A4A333A2F9CB /* CoreTests.m */; };
		EE83FA39B4E74684DE627A34 /* Pods_TPLProjectName_macOSTests.framework in Frameworks */ = {isa = PBXBuildFile; fileRef = 762238E9DBA5D15C45FFF608 /* Pods_TPLProjectName_macOSTests.framework */; };
		F397748159655F93D29B709258B231A8 /* Main.storyboard in Resources */ = {isa = PBXBuildFile; fileRef = 15AB55B5D4FE3E75E4EFF5B6071DA7D8 /* Main.storyboard */; };
		F740BC4DB494515FA06D41798E5A9004 /* ViewController.m in Sources */ = {isa = PBXBuildFile; fileRef = 85EB619AB2DDC81211FFE42D464E6D45 /* ViewController.m */; };
		F8C875CAF7558CC12B9E178A /* Pods_Shared.framework in Frameworks */ = {isa = PBXBuildFile; fileRef = B1950B15F4904CEADCBBC4BB /* Pods_Shared.framework */; };
		FE6A257E87DAE1B342B11866 /* Pods_SharedTests.framework in Frameworks */ = {isa = PBXBuildFile; fileRef = 2EAACB1C231B775B2B5690AE /* Pods_SharedTests.framework */; };
/* End PBXBuildFile section */

/* Begin PBXContainerItemProxy section */
		095C2194D48B0192BB434939843880CD /* PBXContainerItemProxy */ = {
			isa = PBXContainerItemProxy;
			containerPortal = BE91A3929EA684E146F77E8FED5899DB /* Project object */;
			proxyType = 1;
			remoteGlobalIDString = 0F3F51EB954173D6AF0174624DD4C5D7;
			remoteInfo = Shared;
		};
		76060C123E60E79FEDB354E446D23E6B /* PBXContainerItemProxy */ = {
			isa = PBXContainerItemProxy;
			containerPortal = BE91A3929EA684E146F77E8FED5899DB /* Project object */;
			proxyType = 1;
			remoteGlobalIDString = 11381BFE26EA9454C3472062D37220E3;
			remoteInfo = Core;
		};
		8221C681C5FAC2022AEE095C9BE5B016 /* PBXContainerItemProxy */ = {
			isa = PBXContainerItemProxy;
			containerPortal = BE91A3929EA684E146F77E8FED5899DB /* Project object */;
			proxyType = 1;
			remoteGlobalIDString = 0F86FED94C82DF9F98D7149365B82086;
			remoteInfo = "TPLProjectName-macOS";
		};
		F4BBDD847CA69A3F1C96F2B03E4C6D3E /* PBXContainerItemProxy */ = {
			isa = PBXContainerItemProxy;
			containerPortal = BE91A3929EA684E146F77E8FED5899DB /* Project object */;
			proxyType = 1;
			remoteGlobalIDString = 11210DD5C970D632382C1E6D514E889F;
			remoteInfo = "TPLProjectName-iOS";
		};
/* End PBXContainerItemProxy section */

/* Begin PBXCopyFilesBuildPhase section */
		CAECD6CF165EBFCADAE6B1E8E2E534DF /* Embed Frameworks */ = {
			isa = PBXCopyFilesBuildPhase;
			buildActionMask = 2147483647;
			dstPath = "";
			dstSubfolderSpec = 10;
			files = (
				4AF8AF969EF24F9F9DD13BD99DF100E4 /* Core.framework in Embed Frameworks */,
			);
			name = "Embed Frameworks";
			runOnlyForDeploymentPostprocessing = 0;
		};
		E177E0EBF745251AC4B9522AB81013BC /* Embed Frameworks */ = {
			isa = PBXCopyFilesBuildPhase;
			buildActionMask = 2147483647;
			dstPath = "";
			dstSubfolderSpec = 10;
			files = (
				31F56D891E0FB4CCE0158AB594DC60DA /* Shared.framework in Embed Frameworks */,
			);
			name = "Embed Frameworks";
			runOnlyForDeploymentPostprocessing = 0;
		};
/* End PBXCopyFilesBuildPhase section */

/* Begin PBXFileReference section */
		00E04DAD8848A7874CC1D9E6 /* Pods-SharedTests.release.xcconfig */ = {isa = PBXFileReference; includeInIndex = 1; lastKnownFileType = text.xcconfig; name = "Pods-SharedTests.release.xcconfig"; path = "Target Support Files/Pods-SharedTests/Pods-SharedTests.release.xcconfig"; sourceTree = "<group>"; };
		058DEEB7EAF0651E8CE368BD /* Pods-TPLProjectName-iOSTests.debug.xcconfig */ = {isa = PBXFileReference; includeInIndex = 1; lastKnownFileType = text.xcconfig; name = "Pods-TPLProjectName-iOSTests.debug.xcconfig"; path = "Target Support Files/Pods-TPLProjectName-iOSTests/Pods-TPLProjectName-iOSTests.debug.xcconfig"; sourceTree = "<group>"; };
		06AA7AF899D98EC2518A7090 /* Pods-TPLProjectName-macOS.release.xcconfig */ = {isa = PBXFileReference; includeInIndex = 1; lastKnownFileType = text.xcconfig; name = "Pods-TPLProjectName-macOS.release.xcconfig"; path = "Target Support Files/Pods-TPLProjectName-macOS/Pods-TPLProjectName-macOS.release.xcconfig"; sourceTree = "<group>"; };
		0B5749215ADA34EF0ECDE41C52561E5C /* FMDatabasePool.h */ = {isa = PBXFileReference; lastKnownFileType = sourcecode.c.h; path = FMDatabasePool.h; sourceTree = "<group>"; };
		0BEA92221CB81A19613C28BFA7BBC6B7 /* FMDatabaseAdditions.h */ = {isa = PBXFileReference; lastKnownFileType = sourcecode.c.h; path = FMDatabaseAdditions.h; sourceTree = "<group>"; };
		113D15769431DF37790460454D6C8F6A /* README.markdown */ = {isa = PBXFileReference; lastKnownFileType = text; path = README.markdown; sourceTree = "<group>"; };
		13531584BE49666F4F3D5CFFDC4E23D0 /* FMDatabase.m */ = {isa = PBXFileReference; lastKnownFileType = sourcecode.c.objc; path = FMDatabase.m; sourceTree = "<group>"; };
		1417C47702DD004EF8EBF52375276991 /* FMDB.h */ = {isa = PBXFileReference; lastKnownFileType = sourcecode.c.h; path = FMDB.h; sourceTree = "<group>"; };
		175B06CE1F08A8236468622088902A79 /* Base */ = {isa = PBXFileReference; lastKnownFileType = file.storyboard; name = Base; path = Base.lproj/Main.storyboard; sourceTree = "<group>"; };
		1BAC15805B14D7342B6C9364EC0A90A3 /* AppDelegate.h */ = {isa = PBXFileReference; lastKnownFileType = sourcecode.c.h; path = AppDelegate.h; sourceTree = "<group>"; };
		1C3EDD9F118A9D55DBA185546A8C8BDD /* TPLProjectName-iOS.app */ = {isa = PBXFileReference; includeInIndex = 0; lastKnownFileType = wrapper.application; path = "TPLProjectName-iOS.app"; sourceTree = BUILT_PRODUCTS_DIR; };
		1F6D39E11F5C116B943A09F0C1F0E57B /* Base */ = {isa = PBXFileReference; lastKnownFileType = file.storyboard; name = Base; path = Base.lproj/Main.storyboard; sourceTree = "<group>"; };
		225CFA5BC1443B945643D41DB03C295F /* Info.plist */ = {isa = PBXFileReference; lastKnownFileType = text.plist.xml; path = Info.plist; sourceTree = "<group>"; };
		24F10535AB437D86A5B841D4 /* Pods_TPLProjectName_macOS.framework */ = {isa = PBXFileReference; explicitFileType = wrapper.framework; includeInIndex = 0; path = Pods_TPLProjectName_macOS.framework; sourceTree = BUILT_PRODUCTS_DIR; };
		2EAACB1C231B775B2B5690AE /* Pods_SharedTests.framework */ = {isa = PBXFileReference; explicitFileType = wrapper.framework; includeInIndex = 0; path = Pods_SharedTests.framework; sourceTree = BUILT_PRODUCTS_DIR; };
		333157C17A1B0AD40FC6E1D907C17CF7 /* Shared-Release.xcconfig */ = {isa = PBXFileReference; lastKnownFileType = text.xcconfig; path = "Shared-Release.xcconfig"; sourceTree = "<group>"; };
		34B7D1D618AD7F8C9C81559E01E98EC1 /* APIConfig.m */ = {isa = PBXFileReference; lastKnownFileType = sourcecode.c.objc; path = APIConfig.m; sourceTree = "<group>"; };
		38E25134036A48073D2E1C289B51DAFC /* HTTPManagerTests.m */ = {isa = PBXFileReference; lastKnownFileType = sourcecode.c.objc; path = HTTPManagerTests.m; sourceTree = "<group>"; };
		3B3C25BF55147162092A50D5D860B3F0 /* Info.plist */ = {isa = PBXFileReference; lastKnownFileType = text.plist.xml; path = Info.plist; sourceTree = "<group>"; };
		406330FB183C00701BB54682 /* libPods-CoreTests.a */ = {isa = PBXFileReference; explicitFileType = archive.ar; includeInIndex = 0; path = "libPods-CoreTests.a"; sourceTree = BUILT_PRODUCTS_DIR; };
		42EA17B2F390D07850E1AF431B6F22C6 /* IUnitOfWork.h */ = {isa = PBXFileReference; lastKnownFileType = sourcecode.c.h; path = IUnitOfWork.h; sourceTree = "<group>"; };
		441019A6F8892D1CFCCD2AFB47148659 /* FMDatabasePool.m */ = {isa = PBXFileReference; lastKnownFileType = sourcecode.c.objc; path = FMDatabasePool.m; sourceTree = "<group>"; };
		45ACBF707C84BB6F6141AF5C915797CF /* AppDelegate.h */ = {isa = PBXFileReference; lastKnownFileType = sourcecode.c.h; path = AppDelegate.h; sourceTree = "<group>"; };
		45AE4626F71FC09FFA24DAB5BD1FB6B3 /* TPLProjectName-iOSTests.xctest */ = {isa = PBXFileReference; explicitFileType = wrapper.cfbundle; includeInIndex = 0; path = "TPLProjectName-iOSTests.xctest"; sourceTree = BUILT_PRODUCTS_DIR; };
		46945BA7BD3675F678CB57D3A6EACFBC /* TPLProjectName-macOSTests.xcconfig */ = {isa = PBXFileReference; lastKnownFileType = text.xcconfig; path = "TPLProjectName-macOSTests.xcconfig"; sourceTree = "<group>"; };
		488F70EFD6B28DA1F6C251380B69BC05 /* Database.m */ = {isa = PBXFileReference; lastKnownFileType = sourcecode.c.objc; path = Database.m; sourceTree = "<group>"; };
		4D61683A66CF290EE2B81DED /* Pods-CoreTests.debug.xcconfig */ = {isa = PBXFileReference; includeInIndex = 1; lastKnownFileType = text.xcconfig; name = "Pods-CoreTests.debug.xcconfig"; path = "Target Support Files/Pods-CoreTests/Pods-CoreTests.debug.xcconfig"; sourceTree = "<group>"; };
		4FE5E0C582D0B869B48144DCE24A2EBC /* main.m */ = {isa = PBXFileReference; lastKnownFileType = sourcecode.c.objc; path = main.m; sourceTree = "<group>"; };
		5217772148175DD55CFD97842667021F /* INetworkingFactory.h */ = {isa = PBXFileReference; lastKnownFileType = sourcecode.c.h; path = INetworkingFactory.h; sourceTree = "<group>"; };
		52D7F8B5E23646F7B39A26B8627E3946 /* FMDatabase.h */ = {isa = PBXFileReference; lastKnownFileType = sourcecode.c.h; path = FMDatabase.h; sourceTree = "<group>"; };
		567812C103055CE01C0BC7772B542427 /* GenericItemRepo.h */ = {isa = PBXFileReference; lastKnownFileType = sourcecode.c.h; path = GenericItemRepo.h; sourceTree = "<group>"; };
		583F68EE0231097F4A2B871B /* Pods-Core.debug.xcconfig */ = {isa = PBXFileReference; includeInIndex = 1; lastKnownFileType = text.xcconfig; name = "Pods-Core.debug.xcconfig"; path = "Target Support Files/Pods-Core/Pods-Core.debug.xcconfig"; sourceTree = "<group>"; };
		58BA92A6D5D7F11E502197C36991684E /* ViewController.h */ = {isa = PBXFileReference; lastKnownFileType = sourcecode.c.h; path = ViewController.h; sourceTree = "<group>"; };
		58D298695527930FF8498DA1 /* Pods-TPLProjectName-macOSTests.debug.xcconfig */ = {isa = PBXFileReference; includeInIndex = 1; lastKnownFileType = text.xcconfig; name = "Pods-TPLProjectName-macOSTests.debug.xcconfig"; path = "Target Support Files/Pods-TPLProjectName-macOSTests/Pods-TPLProjectName-macOSTests.debug.xcconfig"; sourceTree = "<group>"; };
		5965D345C4898FD836C1F68E51F8F0E6 /* IHTTPManager.h */ = {isa = PBXFileReference; lastKnownFileType = sourcecode.c.h; path = IHTTPManager.h; sourceTree = "<group>"; };
		5B1EE8FDE24FDDD04A927F18881AD0DD /* Core.framework */ = {isa = PBXFileReference; explicitFileType = wrapper.framework; includeInIndex = 0; path = Core.framework; sourceTree = BUILT_PRODUCTS_DIR; };
		5FC28F15846F38D6A073FD2A6FAE0CE9 /* Info.plist */ = {isa = PBXFileReference; lastKnownFileType = text.plist.xml; path = Info.plist; sourceTree = "<group>"; };
		6049CD17DDBD76CD0CD348A1B239910B /* README.md */ = {isa = PBXFileReference; lastKnownFileType = net.daringfireball.markdown; path = README.md; sourceTree = "<group>"; };
		64FF67ED8C9E27DAE4813D6A5DD6312C /* Core-Debug.xcconfig */ = {isa = PBXFileReference; lastKnownFileType = text.xcconfig; path = "Core-Debug.xcconfig"; sourceTree = "<group>"; };
		6A089375DEC66CBB5AACE8E8 /* Pods-TPLProjectName-iOSTests.release.xcconfig */ = {isa = PBXFileReference; includeInIndex = 1; lastKnownFileType = text.xcconfig; name = "Pods-TPLProjectName-iOSTests.release.xcconfig"; path = "Target Support Files/Pods-TPLProjectName-iOSTests/Pods-TPLProjectName-iOSTests.release.xcconfig"; sourceTree = "<group>"; };
		6ACC83329D96B3CD860B182D8FC58BF9 /* SharedTests.xctest */ = {isa = PBXFileReference; explicitFileType = wrapper.cfbundle; includeInIndex = 0; path = SharedTests.xctest; sourceTree = BUILT_PRODUCTS_DIR; };
		6BF74C3BEC6DB785057D6ACCFACEB121 /* UnitOfWork.m */ = {isa = PBXFileReference; lastKnownFileType = sourcecode.c.objc; path = UnitOfWork.m; sourceTree = "<group>"; };
		6D44BF117BF4F2E6E648949FDC78DD18 /* sqlite3.c */ = {isa = PBXFileReference; lastKnownFileType = sourcecode.c.c; path = sqlite3.c; sourceTree = "<group>"; };
		6D5333CB6661FCF577136089285501AA /* NetworkingFactory.h */ = {isa = PBXFileReference; lastKnownFileType = sourcecode.c.h; path = NetworkingFactory.h; sourceTree = "<group>"; };
		709BA43381B0F1E84AA2D57D0688B069 /* TPLProjectName-iOS-Debug.xcconfig */ = {isa = PBXFileReference; lastKnownFileType = text.xcconfig; path = "TPLProjectName-iOS-Debug.xcconfig"; sourceTree = "<group>"; };
		741012BA3515ECF2BA1DD503B1CD24DB /* NetworkingFactory.m */ = {isa = PBXFileReference; lastKnownFileType = sourcecode.c.objc; path = NetworkingFactory.m; sourceTree = "<group>"; };
		75CDE4B7A1E6AA3C58B7B28C46A23A21 /* LICENSE */ = {isa = PBXFileReference; lastKnownFileType = text; path = LICENSE; sourceTree = "<group>"; };
		762238E9DBA5D15C45FFF608 /* Pods_TPLProjectName_macOSTests.framework */ = {isa = PBXFileReference; explicitFileType = wrapper.framework; includeInIndex = 0; path = Pods_TPLProjectName_macOSTests.framework; sourceTree = BUILT_PRODUCTS_DIR; };
		79DA6EAD559AC24BA829E223FB4F3D8C /* TPLProjectName-iOSTests.xcconfig */ = {isa = PBXFileReference; lastKnownFileType = text.xcconfig; path = "TPLProjectName-iOSTests.xcconfig"; sourceTree = "<group>"; };
		7D76C8174D60E9682A7D82AE57DE0EB4 /* FMResultSet.h */ = {isa = PBXFileReference; lastKnownFileType = sourcecode.c.h; path = FMResultSet.h; sourceTree = "<group>"; };
		7FF1F0211F8BFECAD0FAB0DC42A1DD84 /* FMResultSet.m */ = {isa = PBXFileReference; lastKnownFileType = sourcecode.c.objc; path = FMResultSet.m; sourceTree = "<group>"; };
		822675CD0AA76D5293A25914191A7436 /* main.m */ = {isa = PBXFileReference; lastKnownFileType = sourcecode.c.objc; path = main.m; sourceTree = "<group>"; };
		831E0F7F2296F3EB27815EFEB0FDF4FF /* ViewController.h */ = {isa = PBXFileReference; lastKnownFileType = sourcecode.c.h; path = ViewController.h; sourceTree = "<group>"; };
		839A4319F5F26AB5AA65F5E538A9C57A /* SharedTests.xcconfig */ = {isa = PBXFileReference; lastKnownFileType = text.xcconfig; path = SharedTests.xcconfig; sourceTree = "<group>"; };
		83F9AD0ED050EC0BCD7C8C6EFC7B6E30 /* GenericItemRepo.m */ = {isa = PBXFileReference; lastKnownFileType = sourcecode.c.objc; path = GenericItemRepo.m; sourceTree = "<group>"; };
		85EB619AB2DDC81211FFE42D464E6D45 /* ViewController.m */ = {isa = PBXFileReference; lastKnownFileType = sourcecode.c.objc; path = ViewController.m; sourceTree = "<group>"; };
		871B422286802E6F52236B70FDFB0735 /* Info.plist */ = {isa = PBXFileReference; lastKnownFileType = text.plist.xml; path = Info.plist; sourceTree = "<group>"; };
		8D217EAA8F84056278B0BF0340380A22 /* Info.plist */ = {isa = PBXFileReference; lastKnownFileType = text.plist.xml; path = Info.plist; sourceTree = "<group>"; };
		8ED71B2798435003A4AE46F7EEA67445 /* ViewController.m */ = {isa = PBXFileReference; lastKnownFileType = sourcecode.c.objc; path = ViewController.m; sourceTree = "<group>"; };
		8F7D7F973C993EFF402921DB5091E9E8 /* FMDatabaseAdditions.m */ = {isa = PBXFileReference; lastKnownFileType = sourcecode.c.objc; path = FMDatabaseAdditions.m; sourceTree = "<group>"; };
		90ABB659BC7FF2F7E378CDA28721207D /* APIConfig.h */ = {isa = PBXFileReference; lastKnownFileType = sourcecode.c.h; path = APIConfig.h; sourceTree = "<group>"; };
		90DD2C8A2B48F95AECFD6E57 /* Pods-TPLProjectName-iOS.debug.xcconfig */ = {isa = PBXFileReference; includeInIndex = 1; lastKnownFileType = text.xcconfig; name = "Pods-TPLProjectName-iOS.debug.xcconfig"; path = "Target Support Files/Pods-TPLProjectName-iOS/Pods-TPLProjectName-iOS.debug.xcconfig"; sourceTree = "<group>"; };
		988AD3917C8C409DD679070C /* Pods_TPLProjectName_iOSTests.framework */ = {isa = PBXFileReference; explicitFileType = wrapper.framework; includeInIndex = 0; path = Pods_TPLProjectName_iOSTests.framework; sourceTree = BUILT_PRODUCTS_DIR; };
		98CBF13F4037693AD75435EF2DA8CF34 /* Database.h */ = {isa = PBXFileReference; lastKnownFileType = sourcecode.c.h; path = Database.h; sourceTree = "<group>"; };
		9A97DCC9B2055825D3F6F2A6 /* Pods-TPLProjectName-macOSTests.release.xcconfig */ = {isa = PBXFileReference; includeInIndex = 1; lastKnownFileType = text.xcconfig; name = "Pods-TPLProjectName-macOSTests.release.xcconfig"; path = "Target Support Files/Pods-TPLProjectName-macOSTests/Pods-TPLProjectName-macOSTests.release.xcconfig"; sourceTree = "<group>"; };
		9B4BF80C1F3EEE1A3D924EA42F1B8049 /* Core-Release.xcconfig */ = {isa = PBXFileReference; lastKnownFileType = text.xcconfig; path = "Core-Release.xcconfig"; sourceTree = "<group>"; };
		9F17A58825D7ADC8916DC62D67EF61B2 /* sqlite3.h */ = {isa = PBXFileReference; lastKnownFileType = sourcecode.c.h; path = sqlite3.h; sourceTree = "<group>"; };
		A0CB7EF0FA65EFA3D61A09DC00A79ACF /* TPLProjectName-macOS-Release.xcconfig */ = {isa = PBXFileReference; lastKnownFileType = text.xcconfig; path = "TPLProjectName-macOS-Release.xcconfig"; sourceTree = "<group>"; };
		A12E84F7BBD29E05BBFDE7F45E227829 /* Info.plist */ = {isa = PBXFileReference; lastKnownFileType = text.plist.xml; path = Info.plist; sourceTree = "<group>"; };
		A30DBD40237508FD00D9343C /* APICredentials.h */ = {isa = PBXFileReference; lastKnownFileType = sourcecode.c.h; path = APICredentials.h; sourceTree = "<group>"; };
		A30DBD41237508FD00D9343C /* APICredentials.m */ = {isa = PBXFileReference; lastKnownFileType = sourcecode.c.objc; path = APICredentials.m; sourceTree = "<group>"; };
		A30DBD442375090C00D9343C /* APICredentialsComponents.h */ = {isa = PBXFileReference; lastKnownFileType = sourcecode.c.h; path = APICredentialsComponents.h; sourceTree = "<group>"; };
		A30DBD452375090C00D9343C /* APICredentialsComponents.m */ = {isa = PBXFileReference; lastKnownFileType = sourcecode.c.objc; path = APICredentialsComponents.m; sourceTree = "<group>"; };
		A30DBD482375091F00D9343C /* APICredentialsComponentsError.h */ = {isa = PBXFileReference; lastKnownFileType = sourcecode.c.h; path = APICredentialsComponentsError.h; sourceTree = "<group>"; };
		A30DBD492375091F00D9343C /* APICredentialsComponentsError.m */ = {isa = PBXFileReference; lastKnownFileType = sourcecode.c.objc; path = APICredentialsComponentsError.m; sourceTree = "<group>"; };
		A6F23AD0016BB292CE4D1F4E /* libPods-Core.a */ = {isa = PBXFileReference; explicitFileType = archive.ar; includeInIndex = 0; path = "libPods-Core.a"; sourceTree = BUILT_PRODUCTS_DIR; };
		A7B058E67AEEC543A8804DAD /* Pods-Shared.release.xcconfig */ = {isa = PBXFileReference; includeInIndex = 1; lastKnownFileType = text.xcconfig; name = "Pods-Shared.release.xcconfig"; path = "Target Support Files/Pods-Shared/Pods-Shared.release.xcconfig"; sourceTree = "<group>"; };
		A819D7D5AF2B4BA4CA5E85875F7683C7 /* TPLProjectName-macOSTests.xctest */ = {isa = PBXFileReference; explicitFileType = wrapper.cfbundle; includeInIndex = 0; path = "TPLProjectName-macOSTests.xctest"; sourceTree = BUILT_PRODUCTS_DIR; };
		A9F2B5E98ADF3519C58D08100C3300A5 /* Shared-Debug.xcconfig */ = {isa = PBXFileReference; lastKnownFileType = text.xcconfig; path = "Shared-Debug.xcconfig"; sourceTree = "<group>"; };
		ABC345D673849D06C2FEB36003AD80A4 /* FMDatabaseQueue.h */ = {isa = PBXFileReference; lastKnownFileType = sourcecode.c.h; path = FMDatabaseQueue.h; sourceTree = "<group>"; };
		AC7A8CA8C9A973F02C575ED0FBF482C6 /* UnitOfWork.h */ = {isa = PBXFileReference; lastKnownFileType = sourcecode.c.h; path = UnitOfWork.h; sourceTree = "<group>"; };
		AEC50BD316A212E22E54EA92CF1974A0 /* TPLProjectName-macOS.app */ = {isa = PBXFileReference; explicitFileType = wrapper.application; includeInIndex = 0; path = "TPLProjectName-macOS.app"; sourceTree = BUILT_PRODUCTS_DIR; };
		B1950B15F4904CEADCBBC4BB /* Pods_Shared.framework */ = {isa = PBXFileReference; explicitFileType = wrapper.framework; includeInIndex = 0; path = Pods_Shared.framework; sourceTree = BUILT_PRODUCTS_DIR; };
		B24C53C292BD6C9036A08ABFD923012D /* FMDatabaseQueue.m */ = {isa = PBXFileReference; lastKnownFileType = sourcecode.c.objc; path = FMDatabaseQueue.m; sourceTree = "<group>"; };
		B4172A32F936677C1EA2ED9F6FFE1FC8 /* Shared.h */ = {isa = PBXFileReference; lastKnownFileType = sourcecode.c.h; path = Shared.h; sourceTree = "<group>"; };
		B5F35CC6F5A474B7708CD6C9 /* Pods-SharedTests.debug.xcconfig */ = {isa = PBXFileReference; includeInIndex = 1; lastKnownFileType = text.xcconfig; name = "Pods-SharedTests.debug.xcconfig"; path = "Target Support Files/Pods-SharedTests/Pods-SharedTests.debug.xcconfig"; sourceTree = "<group>"; };
		B79BFB00FD55F91DEA839A3D86751846 /* Core.h */ = {isa = PBXFileReference; lastKnownFileType = sourcecode.c.h; path = Core.h; sourceTree = "<group>"; };
		B92192517546D73C1AD0EEBF03579907 /* IDatabase.h */ = {isa = PBXFileReference; lastKnownFileType = sourcecode.c.h; path = IDatabase.h; sourceTree = "<group>"; };
		BA2902900C73693A9233737A /* Pods-Shared.debug.xcconfig */ = {isa = PBXFileReference; includeInIndex = 1; lastKnownFileType = text.xcconfig; name = "Pods-Shared.debug.xcconfig"; path = "Target Support Files/Pods-Shared/Pods-Shared.debug.xcconfig"; sourceTree = "<group>"; };
		BCF8C56A07AB41869A58B4CC11594722 /* TPLProjectName_iOSTests.m */ = {isa = PBXFileReference; lastKnownFileType = sourcecode.c.objc; path = TPLProjectName_iOSTests.m; sourceTree = "<group>"; };
		BF9C7E2A62CCC7929F43A4A333A2F9CB /* CoreTests.m */ = {isa = PBXFileReference; lastKnownFileType = sourcecode.c.objc; path = CoreTests.m; sourceTree = "<group>"; };
		C747D419E647CE243F984F7803C8A351 /* AFHTTPManager.m */ = {isa = PBXFileReference; lastKnownFileType = sourcecode.c.objc; path = AFHTTPManager.m; sourceTree = "<group>"; };
		C83D5167BF8E116EAD52884729E13D36 /* AppDelegate.m */ = {isa = PBXFileReference; lastKnownFileType = sourcecode.c.objc; path = AppDelegate.m; sourceTree = "<group>"; };
		CBFBA2D0923817E4F9829C8B856FD23D /* TPLProjectName-macOS-Debug.xcconfig */ = {isa = PBXFileReference; lastKnownFileType = text.xcconfig; path = "TPLProjectName-macOS-Debug.xcconfig"; sourceTree = "<group>"; };
		CE4373ACB693AB41AF817F308EABCA7D /* Assets.xcassets */ = {isa = PBXFileReference; lastKnownFileType = folder.assetcatalog; path = Assets.xcassets; sourceTree = "<group>"; };
		CF138EB1A4B18C55C6AB9271608C583D /* TPLProjectName_macOSTests.m */ = {isa = PBXFileReference; lastKnownFileType = sourcecode.c.objc; path = TPLProjectName_macOSTests.m; sourceTree = "<group>"; };
		CF962FB41608CAEEAC28B7B7641A070D /* Info.plist */ = {isa = PBXFileReference; lastKnownFileType = text.plist.xml; path = Info.plist; sourceTree = "<group>"; };
		D0471978F7C5BD17336F757DF3E700B5 /* TPLProjectName-iOS-Release.xcconfig */ = {isa = PBXFileReference; lastKnownFileType = text.xcconfig; path = "TPLProjectName-iOS-Release.xcconfig"; sourceTree = "<group>"; };
		D0537926F71C6D3465FD9DBF /* Pods-CoreTests.release.xcconfig */ = {isa = PBXFileReference; includeInIndex = 1; lastKnownFileType = text.xcconfig; name = "Pods-CoreTests.release.xcconfig"; path = "Target Support Files/Pods-CoreTests/Pods-CoreTests.release.xcconfig"; sourceTree = "<group>"; };
		D24C33E3CBBA0422C4C0F861 /* Pods-TPLProjectName-macOS.debug.xcconfig */ = {isa = PBXFileReference; includeInIndex = 1; lastKnownFileType = text.xcconfig; name = "Pods-TPLProjectName-macOS.debug.xcconfig"; path = "Target Support Files/Pods-TPLProjectName-macOS/Pods-TPLProjectName-macOS.debug.xcconfig"; sourceTree = "<group>"; };
		D4567AB4D76732EDA3FD5FA8FD6E3589 /* AFHTTPManager.h */ = {isa = PBXFileReference; lastKnownFileType = sourcecode.c.h; path = AFHTTPManager.h; sourceTree = "<group>"; };
		D4D835A1316D9D480702A3DC1ECC5123 /* TPLProjectName_macOS.entitlements */ = {isa = PBXFileReference; lastKnownFileType = text.plist.entitlements; path = TPLProjectName_macOS.entitlements; sourceTree = "<group>"; };
		DB96A965D3AA78D74D71EC951D2B9224 /* LICENSE.md */ = {isa = PBXFileReference; lastKnownFileType = net.daringfireball.markdown; path = LICENSE.md; sourceTree = "<group>"; };
		DC100E6149E7E252224D63CCB76A1076 /* CoreTests.xcconfig */ = {isa = PBXFileReference; lastKnownFileType = text.xcconfig; path = CoreTests.xcconfig; sourceTree = "<group>"; };
		DCC0CF5E87A3C32949756E0BD8050E96 /* CoreTests.xctest */ = {isa = PBXFileReference; explicitFileType = wrapper.cfbundle; includeInIndex = 0; path = CoreTests.xctest; sourceTree = BUILT_PRODUCTS_DIR; };
		DE0A461347FA1609DFC1171B /* Pods-TPLProjectName-iOS.release.xcconfig */ = {isa = PBXFileReference; includeInIndex = 1; lastKnownFileType = text.xcconfig; name = "Pods-TPLProjectName-iOS.release.xcconfig"; path = "Target Support Files/Pods-TPLProjectName-iOS/Pods-TPLProjectName-iOS.release.xcconfig"; sourceTree = "<group>"; };
		DF4F8D7D8E69E992DFC2F424 /* Pods_TPLProjectName_iOS.framework */ = {isa = PBXFileReference; explicitFileType = wrapper.framework; includeInIndex = 0; path = Pods_TPLProjectName_iOS.framework; sourceTree = BUILT_PRODUCTS_DIR; };
		E730488AC85BEFE6FA46EC3D234EC23A /* Base */ = {isa = PBXFileReference; lastKnownFileType = file.storyboard; name = Base; path = Base.lproj/LaunchScreen.storyboard; sourceTree = "<group>"; };
		EA58E5121329C93E187255E9E4B01CC9 /* Assets.xcassets */ = {isa = PBXFileReference; lastKnownFileType = folder.assetcatalog; path = Assets.xcassets; sourceTree = "<group>"; };
		EB1E0F99CB09CF82941215DB9372426C /* Item.h */ = {isa = PBXFileReference; lastKnownFileType = sourcecode.c.h; path = Item.h; sourceTree = "<group>"; };
		ECE849B810276B892EBB28F3DFD6A683 /* AppDelegate.m */ = {isa = PBXFileReference; lastKnownFileType = sourcecode.c.objc; path = AppDelegate.m; sourceTree = "<group>"; };
		EF9A6BC480D318107F19D16E82119CA5 /* LICENSE.txt */ = {isa = PBXFileReference; lastKnownFileType = text; path = LICENSE.txt; sourceTree = "<group>"; };
		F4C4E83255E12302D7F2F05C58675CB4 /* IBaseRepo.h */ = {isa = PBXFileReference; lastKnownFileType = sourcecode.c.h; path = IBaseRepo.h; sourceTree = "<group>"; };
		F6F24D087B6E034415EEE9F9CB2D40F9 /* Shared.framework */ = {isa = PBXFileReference; explicitFileType = wrapper.framework; includeInIndex = 0; path = Shared.framework; sourceTree = BUILT_PRODUCTS_DIR; };
		FA9F85DD9AED2338064EFF302AEDA526 /* Info.plist */ = {isa = PBXFileReference; lastKnownFileType = text.plist.xml; path = Info.plist; sourceTree = "<group>"; };
		FCF021B20DE85CDCAA1D30D5 /* Pods-Core.release.xcconfig */ = {isa = PBXFileReference; includeInIndex = 1; lastKnownFileType = text.xcconfig; name = "Pods-Core.release.xcconfig"; path = "Target Support Files/Pods-Core/Pods-Core.release.xcconfig"; sourceTree = "<group>"; };
		FD62BCA1F5EE9D79AA12979FF34F9BC0 /* SharedTests.m */ = {isa = PBXFileReference; lastKnownFileType = sourcecode.c.objc; path = SharedTests.m; sourceTree = "<group>"; };
/* End PBXFileReference section */

/* Begin PBXFrameworksBuildPhase section */
		2982F3675DC0EDB92FCCBDA0 /* Frameworks */ = {
			isa = PBXFrameworksBuildPhase;
			buildActionMask = 2147483647;
			files = (
				EE83FA39B4E74684DE627A34 /* Pods_TPLProjectName_macOSTests.framework in Frameworks */,
			);
			runOnlyForDeploymentPostprocessing = 0;
		};
		35053D64998A9E806BEBF7DBC0BF07D4 /* Frameworks */ = {
			isa = PBXFrameworksBuildPhase;
			buildActionMask = 2147483647;
			files = (
				68BF04EF71FA722E2A7CD750652C25C3 /* Core.framework in Frameworks */,
				9A9D11B751A926FC8937C75A /* libPods-CoreTests.a in Frameworks */,
			);
			runOnlyForDeploymentPostprocessing = 0;
		};
		3B698C5EEC8197430B8FEBF3 /* Frameworks */ = {
			isa = PBXFrameworksBuildPhase;
			buildActionMask = 2147483647;
			files = (
				91A4CFFF54138CAE199E74AC /* Pods_TPLProjectName_iOSTests.framework in Frameworks */,
			);
			runOnlyForDeploymentPostprocessing = 0;
		};
		6CFD4602DA42CFB7FDE7EAD1 /* Frameworks */ = {
			isa = PBXFrameworksBuildPhase;
			buildActionMask = 2147483647;
			files = (
				F8C875CAF7558CC12B9E178A /* Pods_Shared.framework in Frameworks */,
			);
			runOnlyForDeploymentPostprocessing = 0;
		};
		904A1C7A5CCEF5987B6F9E99A11212CF /* Frameworks */ = {
			isa = PBXFrameworksBuildPhase;
			buildActionMask = 2147483647;
			files = (
				E33FD697CD88BB674EBCB852976E23FD /* Shared.framework in Frameworks */,
				FE6A257E87DAE1B342B11866 /* Pods_SharedTests.framework in Frameworks */,
			);
			runOnlyForDeploymentPostprocessing = 0;
		};
		C4C3B00262B9B59B2E56852F /* Frameworks */ = {
			isa = PBXFrameworksBuildPhase;
			buildActionMask = 2147483647;
			files = (
				BC73C4439518973A19275073 /* libPods-Core.a in Frameworks */,
			);
			runOnlyForDeploymentPostprocessing = 0;
		};
		DE5BDB38B1F76BED9A334E51 /* Frameworks */ = {
			isa = PBXFrameworksBuildPhase;
			buildActionMask = 2147483647;
			files = (
				B2FA42ED8D13168FCE826F62 /* Pods_TPLProjectName_iOS.framework in Frameworks */,
			);
			runOnlyForDeploymentPostprocessing = 0;
		};
		F6BFDF58896FD1EBBD489CD0 /* Frameworks */ = {
			isa = PBXFrameworksBuildPhase;
			buildActionMask = 2147483647;
			files = (
				8DD7B5DC13F61EB201273916 /* Pods_TPLProjectName_macOS.framework in Frameworks */,
			);
			runOnlyForDeploymentPostprocessing = 0;
		};
/* End PBXFrameworksBuildPhase section */

/* Begin PBXGroup section */
		006290D395DBDA6E717A2D104DF6EE3E /* Vendors */ = {
			isa = PBXGroup;
			children = (
				25CEC21B913530C9B189CBCF3475CE2F /* FMDB */,
				9831CC7046B57270629F5EED0B533A84 /* SQLCipher */,
			);
			path = Vendors;
			sourceTree = "<group>";
		};
		0F8B5415639E92EDBB8DAEF4 /* Pods */ = {
			isa = PBXGroup;
			children = (
				583F68EE0231097F4A2B871B /* Pods-Core.debug.xcconfig */,
				FCF021B20DE85CDCAA1D30D5 /* Pods-Core.release.xcconfig */,
				4D61683A66CF290EE2B81DED /* Pods-CoreTests.debug.xcconfig */,
				D0537926F71C6D3465FD9DBF /* Pods-CoreTests.release.xcconfig */,
				BA2902900C73693A9233737A /* Pods-Shared.debug.xcconfig */,
				A7B058E67AEEC543A8804DAD /* Pods-Shared.release.xcconfig */,
				B5F35CC6F5A474B7708CD6C9 /* Pods-SharedTests.debug.xcconfig */,
				00E04DAD8848A7874CC1D9E6 /* Pods-SharedTests.release.xcconfig */,
				90DD2C8A2B48F95AECFD6E57 /* Pods-TPLProjectName-iOS.debug.xcconfig */,
				DE0A461347FA1609DFC1171B /* Pods-TPLProjectName-iOS.release.xcconfig */,
				058DEEB7EAF0651E8CE368BD /* Pods-TPLProjectName-iOSTests.debug.xcconfig */,
				6A089375DEC66CBB5AACE8E8 /* Pods-TPLProjectName-iOSTests.release.xcconfig */,
				D24C33E3CBBA0422C4C0F861 /* Pods-TPLProjectName-macOS.debug.xcconfig */,
				06AA7AF899D98EC2518A7090 /* Pods-TPLProjectName-macOS.release.xcconfig */,
				58D298695527930FF8498DA1 /* Pods-TPLProjectName-macOSTests.debug.xcconfig */,
				9A97DCC9B2055825D3F6F2A6 /* Pods-TPLProjectName-macOSTests.release.xcconfig */,
			);
			path = Pods;
			sourceTree = "<group>";
		};
		12A66E89C09090576BF1DE74 /* Frameworks */ = {
			isa = PBXGroup;
			children = (
				A6F23AD0016BB292CE4D1F4E /* libPods-Core.a */,
				406330FB183C00701BB54682 /* libPods-CoreTests.a */,
				B1950B15F4904CEADCBBC4BB /* Pods_Shared.framework */,
				2EAACB1C231B775B2B5690AE /* Pods_SharedTests.framework */,
				DF4F8D7D8E69E992DFC2F424 /* Pods_TPLProjectName_iOS.framework */,
				988AD3917C8C409DD679070C /* Pods_TPLProjectName_iOSTests.framework */,
				24F10535AB437D86A5B841D4 /* Pods_TPLProjectName_macOS.framework */,
				762238E9DBA5D15C45FFF608 /* Pods_TPLProjectName_macOSTests.framework */,
			);
			name = Frameworks;
			sourceTree = "<group>";
		};
		1BC1689AFDB4FD1C58B7554AC6F95ABB /* Managers */ = {
			isa = PBXGroup;
			children = (
				D4567AB4D76732EDA3FD5FA8FD6E3589 /* AFHTTPManager.h */,
				C747D419E647CE243F984F7803C8A351 /* AFHTTPManager.m */,
			);
			path = Managers;
			sourceTree = "<group>";
		};
		25CEC21B913530C9B189CBCF3475CE2F /* FMDB */ = {
			isa = PBXGroup;
			children = (
				EF9A6BC480D318107F19D16E82119CA5 /* LICENSE.txt */,
				113D15769431DF37790460454D6C8F6A /* README.markdown */,
				A2B9679569A51AA0C5D77456244CE8C5 /* src */,
			);
			path = FMDB;
			sourceTree = "<group>";
		};
		29360C624AA5EB4E156FFF29B1C062D1 /* Shared */ = {
			isa = PBXGroup;
			children = (
				A12E84F7BBD29E05BBFDE7F45E227829 /* Info.plist */,
				B4172A32F936677C1EA2ED9F6FFE1FC8 /* Shared.h */,
			);
			path = Shared;
			sourceTree = "<group>";
		};
		50724593D7F89AEF7CD72A574E28C3BA /* configs */ = {
			isa = PBXGroup;
			children = (
				64FF67ED8C9E27DAE4813D6A5DD6312C /* Core-Debug.xcconfig */,
				9B4BF80C1F3EEE1A3D924EA42F1B8049 /* Core-Release.xcconfig */,
				DC100E6149E7E252224D63CCB76A1076 /* CoreTests.xcconfig */,
				A9F2B5E98ADF3519C58D08100C3300A5 /* Shared-Debug.xcconfig */,
				333157C17A1B0AD40FC6E1D907C17CF7 /* Shared-Release.xcconfig */,
				839A4319F5F26AB5AA65F5E538A9C57A /* SharedTests.xcconfig */,
				709BA43381B0F1E84AA2D57D0688B069 /* TPLProjectName-iOS-Debug.xcconfig */,
				D0471978F7C5BD17336F757DF3E700B5 /* TPLProjectName-iOS-Release.xcconfig */,
				79DA6EAD559AC24BA829E223FB4F3D8C /* TPLProjectName-iOSTests.xcconfig */,
				CBFBA2D0923817E4F9829C8B856FD23D /* TPLProjectName-macOS-Debug.xcconfig */,
				A0CB7EF0FA65EFA3D61A09DC00A79ACF /* TPLProjectName-macOS-Release.xcconfig */,
				46945BA7BD3675F678CB57D3A6EACFBC /* TPLProjectName-macOSTests.xcconfig */,
			);
			path = configs;
			sourceTree = "<group>";
		};
		529584C08FB1234C1C3DBAF40621590E /* macOS */ = {
			isa = PBXGroup;
			children = (
				225CFA5BC1443B945643D41DB03C295F /* Info.plist */,
				D4D835A1316D9D480702A3DC1ECC5123 /* TPLProjectName_macOS.entitlements */,
				BB3CFE6229D44A60B4E8AD7736717980 /* Sources */,
			);
			path = macOS;
			sourceTree = "<group>";
		};
		53567E432AA944EC5ADDBA1E84D9D8FF = {
			isa = PBXGroup;
			children = (
				50724593D7F89AEF7CD72A574E28C3BA /* configs */,
				6BB1AD5A5A4F105B6261C80DD3B5CFFD /* Core */,
				29360C624AA5EB4E156FFF29B1C062D1 /* Shared */,
				62135BF64D4B6F2BEA892EFCDA7AD509 /* Tests */,
				A06B8D9733CCC173E83813822E266999 /* TPLProjectName */,
				006290D395DBDA6E717A2D104DF6EE3E /* Vendors */,
				F9F1CFDA9343A327C31245DB444A15C5 /* Products */,
				0F8B5415639E92EDBB8DAEF4 /* Pods */,
				12A66E89C09090576BF1DE74 /* Frameworks */,
			);
			sourceTree = "<group>";
		};
		54125128CA6F616968DF5BE93940A2F5 /* Database */ = {
			isa = PBXGroup;
			children = (
				98CBF13F4037693AD75435EF2DA8CF34 /* Database.h */,
				488F70EFD6B28DA1F6C251380B69BC05 /* Database.m */,
				B92192517546D73C1AD0EEBF03579907 /* IDatabase.h */,
				42EA17B2F390D07850E1AF431B6F22C6 /* IUnitOfWork.h */,
				AC7A8CA8C9A973F02C575ED0FBF482C6 /* UnitOfWork.h */,
				6BF74C3BEC6DB785057D6ACCFACEB121 /* UnitOfWork.m */,
			);
			path = Database;
			sourceTree = "<group>";
		};
		5418395F8705CD0F93230BE4015E3395 /* HTTPProviders */ = {
			isa = PBXGroup;
			children = (
				90ABB659BC7FF2F7E378CDA28721207D /* APIConfig.h */,
				34B7D1D618AD7F8C9C81559E01E98EC1 /* APIConfig.m */,
				5965D345C4898FD836C1F68E51F8F0E6 /* IHTTPManager.h */,
				5217772148175DD55CFD97842667021F /* INetworkingFactory.h */,
				6D5333CB6661FCF577136089285501AA /* NetworkingFactory.h */,
				741012BA3515ECF2BA1DD503B1CD24DB /* NetworkingFactory.m */,
				E9DF7B49B4F8526845C7AF5ADF0134CE /* APICredentials */,
				1BC1689AFDB4FD1C58B7554AC6F95ABB /* Managers */,
			);
			path = HTTPProviders;
			sourceTree = "<group>";
		};
		5E710C70AD006081EFD4BCBE4376401B /* TPLProjectName-macOSTests */ = {
			isa = PBXGroup;
			children = (
				8D217EAA8F84056278B0BF0340380A22 /* Info.plist */,
				CF138EB1A4B18C55C6AB9271608C583D /* TPLProjectName_macOSTests.m */,
			);
			path = "TPLProjectName-macOSTests";
			sourceTree = "<group>";
		};
		62135BF64D4B6F2BEA892EFCDA7AD509 /* Tests */ = {
			isa = PBXGroup;
			children = (
				D9761913C98AD816E8046E7AD4EC563B /* CoreTests */,
				7F942527F09495CCC194D0D6FABB4E9E /* iOS */,
				A3513403BA9023A5D8FF7FEB3C11457D /* macOS */,
				E900A28BA4DF9D06B7739EF1DD98AABE /* SharedTests */,
			);
			path = Tests;
			sourceTree = "<group>";
		};
		63BFCE40BF4E1EC450C295F0A8A34C37 /* HTTPManagerTests */ = {
			isa = PBXGroup;
			children = (
				38E25134036A48073D2E1C289B51DAFC /* HTTPManagerTests.m */,
			);
			path = HTTPManagerTests;
			sourceTree = "<group>";
		};
		657CE8D585F983C77D1A913F567CD90C /* Data */ = {
			isa = PBXGroup;
			children = (
				54125128CA6F616968DF5BE93940A2F5 /* Database */,
				85F674DA6C60713545A6A64F73470DE3 /* Models */,
				961A600A773ECEEE25C4F9EBFE955D08 /* Repositories */,
			);
			path = Data;
			sourceTree = "<group>";
		};
		6BB1AD5A5A4F105B6261C80DD3B5CFFD /* Core */ = {
			isa = PBXGroup;
			children = (
				B79BFB00FD55F91DEA839A3D86751846 /* Core.h */,
				5FC28F15846F38D6A073FD2A6FAE0CE9 /* Info.plist */,
				9B2E4009D108A32FE63D4C4714D48105 /* Sources */,
			);
			path = Core;
			sourceTree = "<group>";
		};
		7F942527F09495CCC194D0D6FABB4E9E /* iOS */ = {
			isa = PBXGroup;
			children = (
				ADF921FFCEFE2F46E7DB53E57E754600 /* TPLProjectName-iOSTests */,
			);
			path = iOS;
			sourceTree = "<group>";
		};
		85F674DA6C60713545A6A64F73470DE3 /* Models */ = {
			isa = PBXGroup;
			children = (
				EB1E0F99CB09CF82941215DB9372426C /* Item.h */,
			);
			path = Models;
			sourceTree = "<group>";
		};
		961A600A773ECEEE25C4F9EBFE955D08 /* Repositories */ = {
			isa = PBXGroup;
			children = (
				567812C103055CE01C0BC7772B542427 /* GenericItemRepo.h */,
				83F9AD0ED050EC0BCD7C8C6EFC7B6E30 /* GenericItemRepo.m */,
				F4C4E83255E12302D7F2F05C58675CB4 /* IBaseRepo.h */,
			);
			path = Repositories;
			sourceTree = "<group>";
		};
		9831CC7046B57270629F5EED0B533A84 /* SQLCipher */ = {
			isa = PBXGroup;
			children = (
				75CDE4B7A1E6AA3C58B7B28C46A23A21 /* LICENSE */,
				DB96A965D3AA78D74D71EC951D2B9224 /* LICENSE.md */,
				6049CD17DDBD76CD0CD348A1B239910B /* README.md */,
				6D44BF117BF4F2E6E648949FDC78DD18 /* sqlite3.c */,
				9F17A58825D7ADC8916DC62D67EF61B2 /* sqlite3.h */,
			);
			path = SQLCipher;
			sourceTree = "<group>";
		};
		997000967FE1F6D4B2F0CA0787A6E82C /* Sources */ = {
			isa = PBXGroup;
			children = (
				1BAC15805B14D7342B6C9364EC0A90A3 /* AppDelegate.h */,
				C83D5167BF8E116EAD52884729E13D36 /* AppDelegate.m */,
				CE4373ACB693AB41AF817F308EABCA7D /* Assets.xcassets */,
				6F1DB51125E3058B092B6C8D63C23E25 /* LaunchScreen.storyboard */,
				4FE5E0C582D0B869B48144DCE24A2EBC /* main.m */,
				66834D7330B58847243B8B63EE7C8F0A /* Main.storyboard */,
				831E0F7F2296F3EB27815EFEB0FDF4FF /* ViewController.h */,
				8ED71B2798435003A4AE46F7EEA67445 /* ViewController.m */,
			);
			path = Sources;
			sourceTree = "<group>";
		};
		9B2E4009D108A32FE63D4C4714D48105 /* Sources */ = {
			isa = PBXGroup;
			children = (
				657CE8D585F983C77D1A913F567CD90C /* Data */,
				5418395F8705CD0F93230BE4015E3395 /* HTTPProviders */,
			);
			path = Sources;
			sourceTree = "<group>";
		};
		A06B8D9733CCC173E83813822E266999 /* TPLProjectName */ = {
			isa = PBXGroup;
			children = (
				CA93E6ED71B8CBEB993315023A5BE91B /* iOS */,
				529584C08FB1234C1C3DBAF40621590E /* macOS */,
			);
			path = TPLProjectName;
			sourceTree = "<group>";
		};
		A2B9679569A51AA0C5D77456244CE8C5 /* src */ = {
			isa = PBXGroup;
			children = (
				BECAB1F0C018A5084BD5B76C3567DB18 /* fmdb */,
			);
			path = src;
			sourceTree = "<group>";
		};
		A3513403BA9023A5D8FF7FEB3C11457D /* macOS */ = {
			isa = PBXGroup;
			children = (
				5E710C70AD006081EFD4BCBE4376401B /* TPLProjectName-macOSTests */,
			);
			path = macOS;
			sourceTree = "<group>";
		};
		ADF921FFCEFE2F46E7DB53E57E754600 /* TPLProjectName-iOSTests */ = {
			isa = PBXGroup;
			children = (
				871B422286802E6F52236B70FDFB0735 /* Info.plist */,
				BCF8C56A07AB41869A58B4CC11594722 /* TPLProjectName_iOSTests.m */,
			);
			path = "TPLProjectName-iOSTests";
			sourceTree = "<group>";
		};
		BB3CFE6229D44A60B4E8AD7736717980 /* Sources */ = {
			isa = PBXGroup;
			children = (
				45ACBF707C84BB6F6141AF5C915797CF /* AppDelegate.h */,
				ECE849B810276B892EBB28F3DFD6A683 /* AppDelegate.m */,
				EA58E5121329C93E187255E9E4B01CC9 /* Assets.xcassets */,
				822675CD0AA76D5293A25914191A7436 /* main.m */,
				15AB55B5D4FE3E75E4EFF5B6071DA7D8 /* Main.storyboard */,
				58BA92A6D5D7F11E502197C36991684E /* ViewController.h */,
				85EB619AB2DDC81211FFE42D464E6D45 /* ViewController.m */,
			);
			path = Sources;
			sourceTree = "<group>";
		};
		BECAB1F0C018A5084BD5B76C3567DB18 /* fmdb */ = {
			isa = PBXGroup;
			children = (
				52D7F8B5E23646F7B39A26B8627E3946 /* FMDatabase.h */,
				13531584BE49666F4F3D5CFFDC4E23D0 /* FMDatabase.m */,
				0BEA92221CB81A19613C28BFA7BBC6B7 /* FMDatabaseAdditions.h */,
				8F7D7F973C993EFF402921DB5091E9E8 /* FMDatabaseAdditions.m */,
				0B5749215ADA34EF0ECDE41C52561E5C /* FMDatabasePool.h */,
				441019A6F8892D1CFCCD2AFB47148659 /* FMDatabasePool.m */,
				ABC345D673849D06C2FEB36003AD80A4 /* FMDatabaseQueue.h */,
				B24C53C292BD6C9036A08ABFD923012D /* FMDatabaseQueue.m */,
				1417C47702DD004EF8EBF52375276991 /* FMDB.h */,
				7D76C8174D60E9682A7D82AE57DE0EB4 /* FMResultSet.h */,
				7FF1F0211F8BFECAD0FAB0DC42A1DD84 /* FMResultSet.m */,
			);
			path = fmdb;
			sourceTree = "<group>";
		};
		CA93E6ED71B8CBEB993315023A5BE91B /* iOS */ = {
			isa = PBXGroup;
			children = (
				CF962FB41608CAEEAC28B7B7641A070D /* Info.plist */,
				997000967FE1F6D4B2F0CA0787A6E82C /* Sources */,
			);
			path = iOS;
			sourceTree = "<group>";
		};
		D9761913C98AD816E8046E7AD4EC563B /* CoreTests */ = {
			isa = PBXGroup;
			children = (
				BF9C7E2A62CCC7929F43A4A333A2F9CB /* CoreTests.m */,
				FA9F85DD9AED2338064EFF302AEDA526 /* Info.plist */,
				63BFCE40BF4E1EC450C295F0A8A34C37 /* HTTPManagerTests */,
			);
			path = CoreTests;
			sourceTree = "<group>";
		};
		E900A28BA4DF9D06B7739EF1DD98AABE /* SharedTests */ = {
			isa = PBXGroup;
			children = (
				3B3C25BF55147162092A50D5D860B3F0 /* Info.plist */,
				FD62BCA1F5EE9D79AA12979FF34F9BC0 /* SharedTests.m */,
			);
			path = SharedTests;
			sourceTree = "<group>";
		};
		E9DF7B49B4F8526845C7AF5ADF0134CE /* APICredentials */ = {
			isa = PBXGroup;
			children = (
				A30DBD40237508FD00D9343C /* APICredentials.h */,
				A30DBD41237508FD00D9343C /* APICredentials.m */,
				A30DBD442375090C00D9343C /* APICredentialsComponents.h */,
				A30DBD452375090C00D9343C /* APICredentialsComponents.m */,
				A30DBD482375091F00D9343C /* APICredentialsComponentsError.h */,
				A30DBD492375091F00D9343C /* APICredentialsComponentsError.m */,
			);
			path = APICredentials;
			sourceTree = "<group>";
		};
		F9F1CFDA9343A327C31245DB444A15C5 /* Products */ = {
			isa = PBXGroup;
			children = (
				5B1EE8FDE24FDDD04A927F18881AD0DD /* Core.framework */,
				DCC0CF5E87A3C32949756E0BD8050E96 /* CoreTests.xctest */,
				F6F24D087B6E034415EEE9F9CB2D40F9 /* Shared.framework */,
				6ACC83329D96B3CD860B182D8FC58BF9 /* SharedTests.xctest */,
				1C3EDD9F118A9D55DBA185546A8C8BDD /* TPLProjectName-iOS.app */,
				45AE4626F71FC09FFA24DAB5BD1FB6B3 /* TPLProjectName-iOSTests.xctest */,
				AEC50BD316A212E22E54EA92CF1974A0 /* TPLProjectName-macOS.app */,
				A819D7D5AF2B4BA4CA5E85875F7683C7 /* TPLProjectName-macOSTests.xctest */,
			);
			name = Products;
			sourceTree = "<group>";
		};
/* End PBXGroup section */

/* Begin PBXHeadersBuildPhase section */
		27A9655C9D2E994B9AD0402A01A6413F /* Headers */ = {
			isa = PBXHeadersBuildPhase;
			buildActionMask = 2147483647;
			files = (
				6A44BC3FB1824A1A4A7CB5F6CC1D8CB6 /* Shared.h in Headers */,
			);
			runOnlyForDeploymentPostprocessing = 0;
		};
		D8C48722E1512BFE91BCDCFBD0EF0D41 /* Headers */ = {
			isa = PBXHeadersBuildPhase;
			buildActionMask = 2147483647;
			files = (
				CE78D575E2C5E1735FE00586A2BB0CF1 /* AFHTTPManager.h in Headers */,
				4D5C9C3E792CBCB926F71AAA64366863 /* APIConfig.h in Headers */,
				A30DBD42237508FD00D9343C /* APICredentials.h in Headers */,
				434AD2D01926E06DB41DFAF29EE83564 /* Core.h in Headers */,
				299728FBC1CD8C7D4D5C40A57B6A0DB5 /* Database.h in Headers */,
				0F76D47D397649C80884A63EA2BE5C26 /* FMDB.h in Headers */,
				3D2F7AF9F7338CAFD7ECA2E2D45F780D /* FMDatabase.h in Headers */,
				5A4B76672FCF66F884BF415974E34FA5 /* FMDatabaseAdditions.h in Headers */,
				D7BBF7AD25B67D711174456BE94497BF /* FMDatabasePool.h in Headers */,
				CAC714512122DF54E5C35D2F2CDA93C7 /* FMDatabaseQueue.h in Headers */,
				BDAC55C76A4245E74E59410532493AA4 /* FMResultSet.h in Headers */,
				0812A5EA0923D2697E620154C7587287 /* GenericItemRepo.h in Headers */,
				20C5E2210CC44DC700EA49A3A6D6DAFA /* IBaseRepo.h in Headers */,
				47F37FA2335336207A33C0B39FDA7C9B /* IDatabase.h in Headers */,
				A30DBD462375090C00D9343C /* APICredentialsComponents.h in Headers */,
				A30DBD4A2375091F00D9343C /* APICredentialsComponentsError.h in Headers */,
				40443961BA54B785DE17740196CE0283 /* IHTTPManager.h in Headers */,
				BC600CC7867CC5075A4AC3BA27B1A7E5 /* INetworkingFactory.h in Headers */,
				351EA9DB965BDACDE1CD70EC00E4FFD2 /* IUnitOfWork.h in Headers */,
				5FC1B13066F9744A2477B1DB542BE006 /* Item.h in Headers */,
				21F1632DA0CAA25C51795F2CA2D90242 /* NetworkingFactory.h in Headers */,
				0BE35FD392C649FD6C190DBA2287A55B /* UnitOfWork.h in Headers */,
				2A12A656850E4C4E4208C54653B4DC92 /* sqlite3.h in Headers */,
			);
			runOnlyForDeploymentPostprocessing = 0;
		};
/* End PBXHeadersBuildPhase section */

/* Begin PBXNativeTarget section */
		0F3F51EB954173D6AF0174624DD4C5D7 /* Shared */ = {
			isa = PBXNativeTarget;
			buildConfigurationList = 755C23362DDEFD99039DBD50A0370685 /* Build configuration list for PBXNativeTarget "Shared" */;
			buildPhases = (
				8823CCE1CF67E60B5E60F9CD /* [CP] Check Pods Manifest.lock */,
				27A9655C9D2E994B9AD0402A01A6413F /* Headers */,
				F62F444932AE8AA86482D8E40E6BFF19 /* Sources */,
				6CFD4602DA42CFB7FDE7EAD1 /* Frameworks */,
			);
			buildRules = (
			);
			dependencies = (
			);
			name = Shared;
			productName = Shared;
			productReference = F6F24D087B6E034415EEE9F9CB2D40F9 /* Shared.framework */;
			productType = "com.apple.product-type.framework";
		};
		0F86FED94C82DF9F98D7149365B82086 /* TPLProjectName-macOS */ = {
			isa = PBXNativeTarget;
			buildConfigurationList = A9149557F89ABCA6FD89BCC02ABD2DFC /* Build configuration list for PBXNativeTarget "TPLProjectName-macOS" */;
			buildPhases = (
				28ED2E644F63908E70531754 /* [CP] Check Pods Manifest.lock */,
				3EADA21185A164332981E0D274731266 /* Sources */,
				3F870E9C9E6CFBC427BF499E0F991F40 /* Resources */,
				F6BFDF58896FD1EBBD489CD0 /* Frameworks */,
			);
			buildRules = (
			);
			dependencies = (
			);
			name = "TPLProjectName-macOS";
			productName = "TPLProjectName-macOS";
			productReference = AEC50BD316A212E22E54EA92CF1974A0 /* TPLProjectName-macOS.app */;
			productType = "com.apple.product-type.application";
		};
		11210DD5C970D632382C1E6D514E889F /* TPLProjectName-iOS */ = {
			isa = PBXNativeTarget;
			buildConfigurationList = 0999CF2F293888100444D12710C0DFEB /* Build configuration list for PBXNativeTarget "TPLProjectName-iOS" */;
			buildPhases = (
				BD0D6368A6CFF4C9161DE135 /* [CP] Check Pods Manifest.lock */,
				B6D66EF1D5C4A9A2CC6812DE0A245878 /* Sources */,
				07DC1C16BFDA947967C2777928FA5D96 /* Resources */,
				DE5BDB38B1F76BED9A334E51 /* Frameworks */,
			);
			buildRules = (
			);
			dependencies = (
			);
			name = "TPLProjectName-iOS";
			productName = "TPLProjectName-iOS";
			productReference = 1C3EDD9F118A9D55DBA185546A8C8BDD /* TPLProjectName-iOS.app */;
			productType = "com.apple.product-type.application";
		};
		11381BFE26EA9454C3472062D37220E3 /* Core */ = {
			isa = PBXNativeTarget;
			buildConfigurationList = 29831C65BCE506FEF477448C53FDCC05 /* Build configuration list for PBXNativeTarget "Core" */;
			buildPhases = (
				4C9EB20FE4495EF1911782EB /* [CP] Check Pods Manifest.lock */,
				D8C48722E1512BFE91BCDCFBD0EF0D41 /* Headers */,
				61848167F77EA7441F127D9918A898B9 /* Sources */,
				1E66FDBEFB9DE4A9B08355BAC0F81889 /* Resources */,
				C4C3B00262B9B59B2E56852F /* Frameworks */,
			);
			buildRules = (
			);
			dependencies = (
			);
			name = Core;
			productName = Core;
			productReference = 5B1EE8FDE24FDDD04A927F18881AD0DD /* Core.framework */;
			productType = "com.apple.product-type.framework";
		};
		4B3BE47B986B50D2B50A7D89D71E8CAD /* CoreTests */ = {
			isa = PBXNativeTarget;
			buildConfigurationList = FB6BA51099E6C9A6B5DF4BC2AEEC1FD9 /* Build configuration list for PBXNativeTarget "CoreTests" */;
			buildPhases = (
				0732B5C1871E07D03D9987D6 /* [CP] Check Pods Manifest.lock */,
				B0A7254E536A4BB9B6FCE1ED6A40A219 /* Sources */,
				35053D64998A9E806BEBF7DBC0BF07D4 /* Frameworks */,
				CAECD6CF165EBFCADAE6B1E8E2E534DF /* Embed Frameworks */,
			);
			buildRules = (
			);
			dependencies = (
				3F03467A7425ECA050B4564CB96E2D21 /* PBXTargetDependency */,
			);
			name = CoreTests;
			productName = CoreTests;
			productReference = DCC0CF5E87A3C32949756E0BD8050E96 /* CoreTests.xctest */;
			productType = "com.apple.product-type.bundle.unit-test";
		};
		7214D634BC7519D9BEA4452B7C458CBC /* SharedTests */ = {
			isa = PBXNativeTarget;
			buildConfigurationList = 3769C2B8FFC401E6FD1756E8EACDDFF4 /* Build configuration list for PBXNativeTarget "SharedTests" */;
			buildPhases = (
				9BA1612247A9976614AF5DDC /* [CP] Check Pods Manifest.lock */,
				2889FF8C2A7757A974A2D97EAC2200C9 /* Sources */,
				904A1C7A5CCEF5987B6F9E99A11212CF /* Frameworks */,
				E177E0EBF745251AC4B9522AB81013BC /* Embed Frameworks */,
			);
			buildRules = (
			);
			dependencies = (
				92BBEE241FA96C10C0379D7AD4055392 /* PBXTargetDependency */,
			);
			name = SharedTests;
			productName = SharedTests;
			productReference = 6ACC83329D96B3CD860B182D8FC58BF9 /* SharedTests.xctest */;
			productType = "com.apple.product-type.bundle.unit-test";
		};
		885BE635C279CA4A5F782BD443714449 /* TPLProjectName-macOSTests */ = {
			isa = PBXNativeTarget;
			buildConfigurationList = 538FF6032DCE3568939362C4589D38BB /* Build configuration list for PBXNativeTarget "TPLProjectName-macOSTests" */;
			buildPhases = (
				0460CFF10C8DE2175B66FDDA /* [CP] Check Pods Manifest.lock */,
				F0BDDDC9D9EFBA8707C49BF71D9C9573 /* Sources */,
				2982F3675DC0EDB92FCCBDA0 /* Frameworks */,
			);
			buildRules = (
			);
			dependencies = (
				4D9A7D9B821590A72D4FF785D1301F75 /* PBXTargetDependency */,
			);
			name = "TPLProjectName-macOSTests";
			productName = "TPLProjectName-macOSTests";
			productReference = A819D7D5AF2B4BA4CA5E85875F7683C7 /* TPLProjectName-macOSTests.xctest */;
			productType = "com.apple.product-type.bundle.unit-test";
		};
		93BAAC87013ABFB8E15C773A2DA45123 /* TPLProjectName-iOSTests */ = {
			isa = PBXNativeTarget;
			buildConfigurationList = 76FA70A735074EDA1B45D7605F343B96 /* Build configuration list for PBXNativeTarget "TPLProjectName-iOSTests" */;
			buildPhases = (
				DCA7DD2A75F90BDCA67BD9DF /* [CP] Check Pods Manifest.lock */,
				5677AA66EEF4BE6DC75BBA81490EF696 /* Sources */,
				3B698C5EEC8197430B8FEBF3 /* Frameworks */,
			);
			buildRules = (
			);
			dependencies = (
				BFD057543BA76B13FFAD650B8153B942 /* PBXTargetDependency */,
			);
			name = "TPLProjectName-iOSTests";
			productName = "TPLProjectName-iOSTests";
			productReference = 45AE4626F71FC09FFA24DAB5BD1FB6B3 /* TPLProjectName-iOSTests.xctest */;
			productType = "com.apple.product-type.bundle.unit-test";
		};
/* End PBXNativeTarget section */

/* Begin PBXProject section */
		BE91A3929EA684E146F77E8FED5899DB /* Project object */ = {
			isa = PBXProject;
			attributes = {
				LastUpgradeCheck = 1020;
				TargetAttributes = {
					885BE635C279CA4A5F782BD443714449 = {
						TestTargetID = 0F86FED94C82DF9F98D7149365B82086;
					};
					93BAAC87013ABFB8E15C773A2DA45123 = {
						TestTargetID = 11210DD5C970D632382C1E6D514E889F;
					};
				};
			};
			buildConfigurationList = 8BBB2C9D45B8567BBAF049086187E699 /* Build configuration list for PBXProject "TPLProjectName" */;
			compatibilityVersion = "Xcode 9.3";
			developmentRegion = en;
			hasScannedForEncodings = 0;
			knownRegions = (
				en,
				Base,
			);
			mainGroup = 53567E432AA944EC5ADDBA1E84D9D8FF;
			productRefGroup = F9F1CFDA9343A327C31245DB444A15C5 /* Products */;
			projectDirPath = "";
			projectRoot = "";
			targets = (
				11381BFE26EA9454C3472062D37220E3 /* Core */,
				4B3BE47B986B50D2B50A7D89D71E8CAD /* CoreTests */,
				0F3F51EB954173D6AF0174624DD4C5D7 /* Shared */,
				7214D634BC7519D9BEA4452B7C458CBC /* SharedTests */,
				11210DD5C970D632382C1E6D514E889F /* TPLProjectName-iOS */,
				93BAAC87013ABFB8E15C773A2DA45123 /* TPLProjectName-iOSTests */,
				0F86FED94C82DF9F98D7149365B82086 /* TPLProjectName-macOS */,
				885BE635C279CA4A5F782BD443714449 /* TPLProjectName-macOSTests */,
			);
		};
/* End PBXProject section */

/* Begin PBXResourcesBuildPhase section */
		07DC1C16BFDA947967C2777928FA5D96 /* Resources */ = {
			isa = PBXResourcesBuildPhase;
			buildActionMask = 2147483647;
			files = (
				70221CA32CA9D23F34014958267EF58E /* Assets.xcassets in Resources */,
				63DF932A4084FA8A5E3190D9F16D6C12 /* LaunchScreen.storyboard in Resources */,
				10CD2876F6CE9CC562501ED83F70A349 /* Main.storyboard in Resources */,
			);
			runOnlyForDeploymentPostprocessing = 0;
		};
		1E66FDBEFB9DE4A9B08355BAC0F81889 /* Resources */ = {
			isa = PBXResourcesBuildPhase;
			buildActionMask = 2147483647;
			files = (
				8D261C5A151D1E4C8ABF0FA87B1B32B4 /* LICENSE.md in Resources */,
				2D25CC235E1E1FB714F05F21C8531616 /* LICENSE.txt in Resources */,
				974F4A521945F201E1CD9CBAA4971F9D /* README.markdown in Resources */,
				DC40068514A01651800F1E4FC87CB0E3 /* README.md in Resources */,
			);
			runOnlyForDeploymentPostprocessing = 0;
		};
		3F870E9C9E6CFBC427BF499E0F991F40 /* Resources */ = {
			isa = PBXResourcesBuildPhase;
			buildActionMask = 2147483647;
			files = (
				6D129861F4D211779803C5F01D6EABC0 /* Assets.xcassets in Resources */,
				F397748159655F93D29B709258B231A8 /* Main.storyboard in Resources */,
			);
			runOnlyForDeploymentPostprocessing = 0;
		};
/* End PBXResourcesBuildPhase section */

/* Begin PBXShellScriptBuildPhase section */
		0460CFF10C8DE2175B66FDDA /* [CP] Check Pods Manifest.lock */ = {
			isa = PBXShellScriptBuildPhase;
			buildActionMask = 2147483647;
			files = (
			);
			inputFileListPaths = (
			);
			inputPaths = (
				"${PODS_PODFILE_DIR_PATH}/Podfile.lock",
				"${PODS_ROOT}/Manifest.lock",
			);
			name = "[CP] Check Pods Manifest.lock";
			outputFileListPaths = (
			);
			outputPaths = (
				"$(DERIVED_FILE_DIR)/Pods-TPLProjectName-macOSTests-checkManifestLockResult.txt",
			);
			runOnlyForDeploymentPostprocessing = 0;
			shellPath = /bin/sh;
			shellScript = "diff \"${PODS_PODFILE_DIR_PATH}/Podfile.lock\" \"${PODS_ROOT}/Manifest.lock\" > /dev/null\nif [ $? != 0 ] ; then\n    # print error to STDERR\n    echo \"error: The sandbox is not in sync with the Podfile.lock. Run 'pod install' or update your CocoaPods installation.\" >&2\n    exit 1\nfi\n# This output is used by Xcode 'outputs' to avoid re-running this script phase.\necho \"SUCCESS\" > \"${SCRIPT_OUTPUT_FILE_0}\"\n";
			showEnvVarsInLog = 0;
		};
		0732B5C1871E07D03D9987D6 /* [CP] Check Pods Manifest.lock */ = {
			isa = PBXShellScriptBuildPhase;
			buildActionMask = 2147483647;
			files = (
			);
			inputFileListPaths = (
			);
			inputPaths = (
				"${PODS_PODFILE_DIR_PATH}/Podfile.lock",
				"${PODS_ROOT}/Manifest.lock",
			);
			name = "[CP] Check Pods Manifest.lock";
			outputFileListPaths = (
			);
			outputPaths = (
				"$(DERIVED_FILE_DIR)/Pods-CoreTests-checkManifestLockResult.txt",
			);
			runOnlyForDeploymentPostprocessing = 0;
			shellPath = /bin/sh;
			shellScript = "diff \"${PODS_PODFILE_DIR_PATH}/Podfile.lock\" \"${PODS_ROOT}/Manifest.lock\" > /dev/null\nif [ $? != 0 ] ; then\n    # print error to STDERR\n    echo \"error: The sandbox is not in sync with the Podfile.lock. Run 'pod install' or update your CocoaPods installation.\" >&2\n    exit 1\nfi\n# This output is used by Xcode 'outputs' to avoid re-running this script phase.\necho \"SUCCESS\" > \"${SCRIPT_OUTPUT_FILE_0}\"\n";
			showEnvVarsInLog = 0;
		};
		28ED2E644F63908E70531754 /* [CP] Check Pods Manifest.lock */ = {
			isa = PBXShellScriptBuildPhase;
			buildActionMask = 2147483647;
			files = (
			);
			inputFileListPaths = (
			);
			inputPaths = (
				"${PODS_PODFILE_DIR_PATH}/Podfile.lock",
				"${PODS_ROOT}/Manifest.lock",
			);
			name = "[CP] Check Pods Manifest.lock";
			outputFileListPaths = (
			);
			outputPaths = (
				"$(DERIVED_FILE_DIR)/Pods-TPLProjectName-macOS-checkManifestLockResult.txt",
			);
			runOnlyForDeploymentPostprocessing = 0;
			shellPath = /bin/sh;
			shellScript = "diff \"${PODS_PODFILE_DIR_PATH}/Podfile.lock\" \"${PODS_ROOT}/Manifest.lock\" > /dev/null\nif [ $? != 0 ] ; then\n    # print error to STDERR\n    echo \"error: The sandbox is not in sync with the Podfile.lock. Run 'pod install' or update your CocoaPods installation.\" >&2\n    exit 1\nfi\n# This output is used by Xcode 'outputs' to avoid re-running this script phase.\necho \"SUCCESS\" > \"${SCRIPT_OUTPUT_FILE_0}\"\n";
			showEnvVarsInLog = 0;
		};
		4C9EB20FE4495EF1911782EB /* [CP] Check Pods Manifest.lock */ = {
			isa = PBXShellScriptBuildPhase;
			buildActionMask = 2147483647;
			files = (
			);
			inputFileListPaths = (
			);
			inputPaths = (
				"${PODS_PODFILE_DIR_PATH}/Podfile.lock",
				"${PODS_ROOT}/Manifest.lock",
			);
			name = "[CP] Check Pods Manifest.lock";
			outputFileListPaths = (
			);
			outputPaths = (
				"$(DERIVED_FILE_DIR)/Pods-Core-checkManifestLockResult.txt",
			);
			runOnlyForDeploymentPostprocessing = 0;
			shellPath = /bin/sh;
			shellScript = "diff \"${PODS_PODFILE_DIR_PATH}/Podfile.lock\" \"${PODS_ROOT}/Manifest.lock\" > /dev/null\nif [ $? != 0 ] ; then\n    # print error to STDERR\n    echo \"error: The sandbox is not in sync with the Podfile.lock. Run 'pod install' or update your CocoaPods installation.\" >&2\n    exit 1\nfi\n# This output is used by Xcode 'outputs' to avoid re-running this script phase.\necho \"SUCCESS\" > \"${SCRIPT_OUTPUT_FILE_0}\"\n";
			showEnvVarsInLog = 0;
		};
		8823CCE1CF67E60B5E60F9CD /* [CP] Check Pods Manifest.lock */ = {
			isa = PBXShellScriptBuildPhase;
			buildActionMask = 2147483647;
			files = (
			);
			inputFileListPaths = (
			);
			inputPaths = (
				"${PODS_PODFILE_DIR_PATH}/Podfile.lock",
				"${PODS_ROOT}/Manifest.lock",
			);
			name = "[CP] Check Pods Manifest.lock";
			outputFileListPaths = (
			);
			outputPaths = (
				"$(DERIVED_FILE_DIR)/Pods-Shared-checkManifestLockResult.txt",
			);
			runOnlyForDeploymentPostprocessing = 0;
			shellPath = /bin/sh;
			shellScript = "diff \"${PODS_PODFILE_DIR_PATH}/Podfile.lock\" \"${PODS_ROOT}/Manifest.lock\" > /dev/null\nif [ $? != 0 ] ; then\n    # print error to STDERR\n    echo \"error: The sandbox is not in sync with the Podfile.lock. Run 'pod install' or update your CocoaPods installation.\" >&2\n    exit 1\nfi\n# This output is used by Xcode 'outputs' to avoid re-running this script phase.\necho \"SUCCESS\" > \"${SCRIPT_OUTPUT_FILE_0}\"\n";
			showEnvVarsInLog = 0;
		};
		9BA1612247A9976614AF5DDC /* [CP] Check Pods Manifest.lock */ = {
			isa = PBXShellScriptBuildPhase;
			buildActionMask = 2147483647;
			files = (
			);
			inputFileListPaths = (
			);
			inputPaths = (
				"${PODS_PODFILE_DIR_PATH}/Podfile.lock",
				"${PODS_ROOT}/Manifest.lock",
			);
			name = "[CP] Check Pods Manifest.lock";
			outputFileListPaths = (
			);
			outputPaths = (
				"$(DERIVED_FILE_DIR)/Pods-SharedTests-checkManifestLockResult.txt",
			);
			runOnlyForDeploymentPostprocessing = 0;
			shellPath = /bin/sh;
			shellScript = "diff \"${PODS_PODFILE_DIR_PATH}/Podfile.lock\" \"${PODS_ROOT}/Manifest.lock\" > /dev/null\nif [ $? != 0 ] ; then\n    # print error to STDERR\n    echo \"error: The sandbox is not in sync with the Podfile.lock. Run 'pod install' or update your CocoaPods installation.\" >&2\n    exit 1\nfi\n# This output is used by Xcode 'outputs' to avoid re-running this script phase.\necho \"SUCCESS\" > \"${SCRIPT_OUTPUT_FILE_0}\"\n";
			showEnvVarsInLog = 0;
		};
		BD0D6368A6CFF4C9161DE135 /* [CP] Check Pods Manifest.lock */ = {
			isa = PBXShellScriptBuildPhase;
			buildActionMask = 2147483647;
			files = (
			);
			inputFileListPaths = (
			);
			inputPaths = (
				"${PODS_PODFILE_DIR_PATH}/Podfile.lock",
				"${PODS_ROOT}/Manifest.lock",
			);
			name = "[CP] Check Pods Manifest.lock";
			outputFileListPaths = (
			);
			outputPaths = (
				"$(DERIVED_FILE_DIR)/Pods-TPLProjectName-iOS-checkManifestLockResult.txt",
			);
			runOnlyForDeploymentPostprocessing = 0;
			shellPath = /bin/sh;
			shellScript = "diff \"${PODS_PODFILE_DIR_PATH}/Podfile.lock\" \"${PODS_ROOT}/Manifest.lock\" > /dev/null\nif [ $? != 0 ] ; then\n    # print error to STDERR\n    echo \"error: The sandbox is not in sync with the Podfile.lock. Run 'pod install' or update your CocoaPods installation.\" >&2\n    exit 1\nfi\n# This output is used by Xcode 'outputs' to avoid re-running this script phase.\necho \"SUCCESS\" > \"${SCRIPT_OUTPUT_FILE_0}\"\n";
			showEnvVarsInLog = 0;
		};
		DCA7DD2A75F90BDCA67BD9DF /* [CP] Check Pods Manifest.lock */ = {
			isa = PBXShellScriptBuildPhase;
			buildActionMask = 2147483647;
			files = (
			);
			inputFileListPaths = (
			);
			inputPaths = (
				"${PODS_PODFILE_DIR_PATH}/Podfile.lock",
				"${PODS_ROOT}/Manifest.lock",
			);
			name = "[CP] Check Pods Manifest.lock";
			outputFileListPaths = (
			);
			outputPaths = (
				"$(DERIVED_FILE_DIR)/Pods-TPLProjectName-iOSTests-checkManifestLockResult.txt",
			);
			runOnlyForDeploymentPostprocessing = 0;
			shellPath = /bin/sh;
			shellScript = "diff \"${PODS_PODFILE_DIR_PATH}/Podfile.lock\" \"${PODS_ROOT}/Manifest.lock\" > /dev/null\nif [ $? != 0 ] ; then\n    # print error to STDERR\n    echo \"error: The sandbox is not in sync with the Podfile.lock. Run 'pod install' or update your CocoaPods installation.\" >&2\n    exit 1\nfi\n# This output is used by Xcode 'outputs' to avoid re-running this script phase.\necho \"SUCCESS\" > \"${SCRIPT_OUTPUT_FILE_0}\"\n";
			showEnvVarsInLog = 0;
		};
/* End PBXShellScriptBuildPhase section */

/* Begin PBXSourcesBuildPhase section */
		2889FF8C2A7757A974A2D97EAC2200C9 /* Sources */ = {
			isa = PBXSourcesBuildPhase;
			buildActionMask = 2147483647;
			files = (
				940DBF03B2E9281314D6A9F06F28FA93 /* SharedTests.m in Sources */,
			);
			runOnlyForDeploymentPostprocessing = 0;
		};
		3EADA21185A164332981E0D274731266 /* Sources */ = {
			isa = PBXSourcesBuildPhase;
			buildActionMask = 2147483647;
			files = (
				328BB2BA6B47FF8819932C69610762E7 /* AppDelegate.m in Sources */,
				F740BC4DB494515FA06D41798E5A9004 /* ViewController.m in Sources */,
				3B703D037C7B96F2C3FA67E73CCF4C22 /* main.m in Sources */,
			);
			runOnlyForDeploymentPostprocessing = 0;
		};
		5677AA66EEF4BE6DC75BBA81490EF696 /* Sources */ = {
			isa = PBXSourcesBuildPhase;
			buildActionMask = 2147483647;
			files = (
				23AEC247A4CC83CBB60E217809A30F0C /* TPLProjectName_iOSTests.m in Sources */,
			);
			runOnlyForDeploymentPostprocessing = 0;
		};
		61848167F77EA7441F127D9918A898B9 /* Sources */ = {
			isa = PBXSourcesBuildPhase;
			buildActionMask = 2147483647;
			files = (
				5820FB2E91F50047E262F9392EBF9A09 /* AFHTTPManager.m in Sources */,
				D15EC7E17AE15A3C33A02E791AC2BFAF /* APIConfig.m in Sources */,
				A30DBD43237508FD00D9343C /* APICredentials.m in Sources */,
				A30DBD4B2375091F00D9343C /* APICredentialsComponentsError.m in Sources */,
				03D20D498D484C08EB3044B1DFA3E0AA /* Database.m in Sources */,
				3FC321CD15F18853DC58273001D48887 /* FMDatabase.m in Sources */,
				CB25AF75010158BF5768626CED772FBD /* FMDatabaseAdditions.m in Sources */,
				A30DBD472375090C00D9343C /* APICredentialsComponents.m in Sources */,
				A94480F30405BD4E386E5BF3454793A2 /* FMDatabasePool.m in Sources */,
				AE25304BBAD3A87F9A8337D10BABF4CA /* FMDatabaseQueue.m in Sources */,
				CDD601371406874D6442986234AF78DE /* FMResultSet.m in Sources */,
				D25A2CEC29C71D5D81A9EF49AC19035A /* GenericItemRepo.m in Sources */,
				B9F6E119BCA8154D0CE8A502AD813657 /* NetworkingFactory.m in Sources */,
				448FF690541F461E40A2C1500642EFA2 /* UnitOfWork.m in Sources */,
				C4C2F03AFAFD885A04A21823FF7B4EF1 /* sqlite3.c in Sources */,
			);
			runOnlyForDeploymentPostprocessing = 0;
		};
		B0A7254E536A4BB9B6FCE1ED6A40A219 /* Sources */ = {
			isa = PBXSourcesBuildPhase;
			buildActionMask = 2147483647;
			files = (
				E51472B2932FEDB393064E89C9B09EC1 /* CoreTests.m in Sources */,
				874E9A4CFC2FDAA6DB5FD5F15041EB07 /* HTTPManagerTests.m in Sources */,
			);
			runOnlyForDeploymentPostprocessing = 0;
		};
		B6D66EF1D5C4A9A2CC6812DE0A245878 /* Sources */ = {
			isa = PBXSourcesBuildPhase;
			buildActionMask = 2147483647;
			files = (
				CC30FD9066418051A9966FC557EACC10 /* AppDelegate.m in Sources */,
				5CAFF181D8AD199AAB39337B3D95E6F6 /* ViewController.m in Sources */,
				5F186B217A581A05B26D5719BBF2E8CB /* main.m in Sources */,
			);
			runOnlyForDeploymentPostprocessing = 0;
		};
		F0BDDDC9D9EFBA8707C49BF71D9C9573 /* Sources */ = {
			isa = PBXSourcesBuildPhase;
			buildActionMask = 2147483647;
			files = (
				1932320473CAC9E7414AFF81F2B0ABA2 /* TPLProjectName_macOSTests.m in Sources */,
			);
			runOnlyForDeploymentPostprocessing = 0;
		};
		F62F444932AE8AA86482D8E40E6BFF19 /* Sources */ = {
			isa = PBXSourcesBuildPhase;
			buildActionMask = 2147483647;
			files = (
			);
			runOnlyForDeploymentPostprocessing = 0;
		};
/* End PBXSourcesBuildPhase section */

/* Begin PBXTargetDependency section */
		3F03467A7425ECA050B4564CB96E2D21 /* PBXTargetDependency */ = {
			isa = PBXTargetDependency;
			target = 11381BFE26EA9454C3472062D37220E3 /* Core */;
			targetProxy = 76060C123E60E79FEDB354E446D23E6B /* PBXContainerItemProxy */;
		};
		4D9A7D9B821590A72D4FF785D1301F75 /* PBXTargetDependency */ = {
			isa = PBXTargetDependency;
			target = 0F86FED94C82DF9F98D7149365B82086 /* TPLProjectName-macOS */;
			targetProxy = 8221C681C5FAC2022AEE095C9BE5B016 /* PBXContainerItemProxy */;
		};
		92BBEE241FA96C10C0379D7AD4055392 /* PBXTargetDependency */ = {
			isa = PBXTargetDependency;
			target = 0F3F51EB954173D6AF0174624DD4C5D7 /* Shared */;
			targetProxy = 095C2194D48B0192BB434939843880CD /* PBXContainerItemProxy */;
		};
		BFD057543BA76B13FFAD650B8153B942 /* PBXTargetDependency */ = {
			isa = PBXTargetDependency;
			target = 11210DD5C970D632382C1E6D514E889F /* TPLProjectName-iOS */;
			targetProxy = F4BBDD847CA69A3F1C96F2B03E4C6D3E /* PBXContainerItemProxy */;
		};
/* End PBXTargetDependency section */

/* Begin PBXVariantGroup section */
		15AB55B5D4FE3E75E4EFF5B6071DA7D8 /* Main.storyboard */ = {
			isa = PBXVariantGroup;
			children = (
				175B06CE1F08A8236468622088902A79 /* Base */,
			);
			name = Main.storyboard;
			sourceTree = "<group>";
		};
		66834D7330B58847243B8B63EE7C8F0A /* Main.storyboard */ = {
			isa = PBXVariantGroup;
			children = (
				1F6D39E11F5C116B943A09F0C1F0E57B /* Base */,
			);
			name = Main.storyboard;
			sourceTree = "<group>";
		};
		6F1DB51125E3058B092B6C8D63C23E25 /* LaunchScreen.storyboard */ = {
			isa = PBXVariantGroup;
			children = (
				E730488AC85BEFE6FA46EC3D234EC23A /* Base */,
			);
			name = LaunchScreen.storyboard;
			sourceTree = "<group>";
		};
/* End PBXVariantGroup section */

/* Begin XCBuildConfiguration section */
		071219D483272E2819C6C8611C3A16FE /* Release */ = {
			isa = XCBuildConfiguration;
			baseConfigurationReference = 333157C17A1B0AD40FC6E1D907C17CF7 /* Shared-Release.xcconfig */;
			buildSettings = {
				CODE_SIGN_IDENTITY = "";
				COMBINE_HIDPI_IMAGES = YES;
				CURRENT_PROJECT_VERSION = 1;
				DEFINES_MODULE = YES;
				DYLIB_COMPATIBILITY_VERSION = 1;
				DYLIB_CURRENT_VERSION = 1;
				DYLIB_INSTALL_NAME_BASE = "@rpath";
				INFOPLIST_FILE = Shared/Info.plist;
				INSTALL_PATH = "$(LOCAL_LIBRARY_DIR)/Frameworks";
				LD_RUNPATH_SEARCH_PATHS = (
					"$(inherited)",
					"@executable_path/../Frameworks",
				);
				MACOSX_DEPLOYMENT_TARGET = 10.14;
				SDKROOT = macosx;
				SKIP_INSTALL = YES;
				VERSIONING_SYSTEM = "apple-generic";
			};
			name = Release;
		};
		178B3A0774D5B10AA81100B17C3B1C83 /* Debug */ = {
			isa = XCBuildConfiguration;
			baseConfigurationReference = 839A4319F5F26AB5AA65F5E538A9C57A /* SharedTests.xcconfig */;
			buildSettings = {
				BUNDLE_LOADER = "$(TEST_HOST)";
				COMBINE_HIDPI_IMAGES = YES;
				INFOPLIST_FILE = Tests/SharedTests/Info.plist;
				LD_RUNPATH_SEARCH_PATHS = (
					"$(inherited)",
					"@executable_path/../Frameworks",
					"@loader_path/../Frameworks",
				);
				SDKROOT = macosx;
			};
			name = Debug;
		};
		18472C1BDFF30852C2A4CF4E13F8CB8C /* Debug */ = {
			isa = XCBuildConfiguration;
			baseConfigurationReference = 46945BA7BD3675F678CB57D3A6EACFBC /* TPLProjectName-macOSTests.xcconfig */;
			buildSettings = {
				BUNDLE_LOADER = "$(TEST_HOST)";
				COMBINE_HIDPI_IMAGES = YES;
				INFOPLIST_FILE = "Tests/macOS/TPLProjectName-macOSTests/Info.plist";
				LD_RUNPATH_SEARCH_PATHS = (
					"$(inherited)",
					"@executable_path/../Frameworks",
					"@loader_path/../Frameworks",
				);
				SDKROOT = macosx;
				TEST_HOST = "$(BUILT_PRODUCTS_DIR)/TPLProjectName-macOS.app/TPLProjectName-macOS";
				TEST_TARGET_NAME = "TPLProjectName-macOS";
			};
			name = Debug;
		};
		2FAEC305454ECE50F9DA436065538779 /* Debug */ = {
			isa = XCBuildConfiguration;
			baseConfigurationReference = CBFBA2D0923817E4F9829C8B856FD23D /* TPLProjectName-macOS-Debug.xcconfig */;
			buildSettings = {
				ASSETCATALOG_COMPILER_APPICON_NAME = AppIcon;
				COMBINE_HIDPI_IMAGES = YES;
				INFOPLIST_FILE = TPLProjectName/macOS/Info.plist;
				LD_RUNPATH_SEARCH_PATHS = (
					"$(inherited)",
					"@executable_path/../Frameworks",
				);
				MACOSX_DEPLOYMENT_TARGET = 10.14;
				SDKROOT = macosx;
			};
			name = Debug;
		};
		36EE28D3A239B640B0B031BE00E184A0 /* Debug */ = {
			isa = XCBuildConfiguration;
			baseConfigurationReference = 709BA43381B0F1E84AA2D57D0688B069 /* TPLProjectName-iOS-Debug.xcconfig */;
			buildSettings = {
				ASSETCATALOG_COMPILER_APPICON_NAME = AppIcon;
				CODE_SIGN_IDENTITY = "iPhone Developer";
				INFOPLIST_FILE = TPLProjectName/iOS/Info.plist;
				LD_RUNPATH_SEARCH_PATHS = (
					"$(inherited)",
					"@executable_path/Frameworks",
				);
				SDKROOT = iphoneos;
				TARGETED_DEVICE_FAMILY = "1,2";
			};
			name = Debug;
		};
		4AF466A014EDC2E71E9F665680497A64 /* Debug */ = {
			isa = XCBuildConfiguration;
			baseConfigurationReference = 64FF67ED8C9E27DAE4813D6A5DD6312C /* Core-Debug.xcconfig */;
			buildSettings = {
				CODE_SIGN_IDENTITY = "";
				COMBINE_HIDPI_IMAGES = YES;
				CURRENT_PROJECT_VERSION = 1;
				DEFINES_MODULE = YES;
				DYLIB_COMPATIBILITY_VERSION = 1;
				DYLIB_CURRENT_VERSION = 1;
				DYLIB_INSTALL_NAME_BASE = "@rpath";
				INFOPLIST_FILE = Core/Info.plist;
				INSTALL_PATH = "$(LOCAL_LIBRARY_DIR)/Frameworks";
				LD_RUNPATH_SEARCH_PATHS = (
					"$(inherited)",
					"@executable_path/../Frameworks",
				);
				MACOSX_DEPLOYMENT_TARGET = 10.14;
				SDKROOT = macosx;
				SKIP_INSTALL = YES;
				VERSIONING_SYSTEM = "apple-generic";
			};
			name = Debug;
		};
		5851B0F04D7ACF4641507E52E169037D /* Release */ = {
			isa = XCBuildConfiguration;
			baseConfigurationReference = D0537926F71C6D3465FD9DBF /* Pods-CoreTests.release.xcconfig */;
			buildSettings = {
				BUNDLE_LOADER = "$(TEST_HOST)";
				COMBINE_HIDPI_IMAGES = YES;
				INFOPLIST_FILE = Tests/CoreTests/Info.plist;
				LD_RUNPATH_SEARCH_PATHS = (
					"$(inherited)",
					"@executable_path/../Frameworks",
					"@loader_path/../Frameworks",
				);
				SDKROOT = macosx;
			};
			name = Release;
		};
		62C12A4A9DA5D668A47D2F625F2D2D5F /* Release */ = {
			isa = XCBuildConfiguration;
			baseConfigurationReference = D0471978F7C5BD17336F757DF3E700B5 /* TPLProjectName-iOS-Release.xcconfig */;
			buildSettings = {
				ASSETCATALOG_COMPILER_APPICON_NAME = AppIcon;
				CODE_SIGN_IDENTITY = "iPhone Developer";
				INFOPLIST_FILE = TPLProjectName/iOS/Info.plist;
				LD_RUNPATH_SEARCH_PATHS = (
					"$(inherited)",
					"@executable_path/Frameworks",
				);
				SDKROOT = iphoneos;
				TARGETED_DEVICE_FAMILY = "1,2";
			};
			name = Release;
		};
		766246BA1C0086509D0ECA8EDE61F755 /* Release */ = {
			isa = XCBuildConfiguration;
			baseConfigurationReference = A0CB7EF0FA65EFA3D61A09DC00A79ACF /* TPLProjectName-macOS-Release.xcconfig */;
			buildSettings = {
				ASSETCATALOG_COMPILER_APPICON_NAME = AppIcon;
				COMBINE_HIDPI_IMAGES = YES;
				INFOPLIST_FILE = TPLProjectName/macOS/Info.plist;
				LD_RUNPATH_SEARCH_PATHS = (
					"$(inherited)",
					"@executable_path/../Frameworks",
				);
				MACOSX_DEPLOYMENT_TARGET = 10.14;
				SDKROOT = macosx;
			};
			name = Release;
		};
		8D8B23AA940824F0253168AE3819086D /* Release */ = {
			isa = XCBuildConfiguration;
			buildSettings = {
				ALWAYS_SEARCH_USER_PATHS = NO;
				CLANG_ANALYZER_NONNULL = YES;
				CLANG_ANALYZER_NUMBER_OBJECT_CONVERSION = YES_AGGRESSIVE;
				CLANG_CXX_LANGUAGE_STANDARD = "gnu++14";
				CLANG_CXX_LIBRARY = "libc++";
				CLANG_ENABLE_MODULES = YES;
				CLANG_ENABLE_OBJC_ARC = YES;
				CLANG_WARN_BLOCK_CAPTURE_AUTORELEASING = YES;
				CLANG_WARN_BOOL_CONVERSION = YES;
				CLANG_WARN_COMMA = YES;
				CLANG_WARN_CONSTANT_CONVERSION = YES;
				CLANG_WARN_DEPRECATED_OBJC_IMPLEMENTATIONS = YES;
				CLANG_WARN_DIRECT_OBJC_ISA_USAGE = YES_ERROR;
				CLANG_WARN_DOCUMENTATION_COMMENTS = YES;
				CLANG_WARN_EMPTY_BODY = YES;
				CLANG_WARN_ENUM_CONVERSION = YES;
				CLANG_WARN_INFINITE_RECURSION = YES;
				CLANG_WARN_INT_CONVERSION = YES;
				CLANG_WARN_NON_LITERAL_NULL_CONVERSION = YES;
				CLANG_WARN_OBJC_IMPLICIT_RETAIN_SELF = YES;
				CLANG_WARN_OBJC_LITERAL_CONVERSION = YES;
				CLANG_WARN_OBJC_ROOT_CLASS = YES_ERROR;
				CLANG_WARN_RANGE_LOOP_ANALYSIS = YES;
				CLANG_WARN_STRICT_PROTOTYPES = YES;
				CLANG_WARN_SUSPICIOUS_MOVE = YES;
				CLANG_WARN_UNGUARDED_AVAILABILITY = YES_AGGRESSIVE;
				CLANG_WARN_UNREACHABLE_CODE = YES;
				CLANG_WARN__DUPLICATE_METHOD_MATCH = YES;
				COPY_PHASE_STRIP = NO;
				DEBUG_INFORMATION_FORMAT = "dwarf-with-dsym";
				ENABLE_NS_ASSERTIONS = NO;
				ENABLE_STRICT_OBJC_MSGSEND = YES;
				GCC_C_LANGUAGE_STANDARD = gnu11;
				GCC_NO_COMMON_BLOCKS = YES;
				GCC_WARN_64_TO_32_BIT_CONVERSION = YES;
				GCC_WARN_ABOUT_RETURN_TYPE = YES_ERROR;
				GCC_WARN_UNDECLARED_SELECTOR = YES;
				GCC_WARN_UNINITIALIZED_AUTOS = YES_AGGRESSIVE;
				GCC_WARN_UNUSED_FUNCTION = YES;
				GCC_WARN_UNUSED_VARIABLE = YES;
				PRODUCT_NAME = "$(TARGET_NAME)";
				SWIFT_COMPILATION_MODE = wholemodule;
				SWIFT_VERSION = 5.0;
				VALIDATE_PRODUCT = YES;
			};
			name = Release;
		};
		9036E1795E08EDCAC0B147B448D29CF3 /* Debug */ = {
			isa = XCBuildConfiguration;
			baseConfigurationReference = A9F2B5E98ADF3519C58D08100C3300A5 /* Shared-Debug.xcconfig */;
			buildSettings = {
				CODE_SIGN_IDENTITY = "";
				COMBINE_HIDPI_IMAGES = YES;
				CURRENT_PROJECT_VERSION = 1;
				DEFINES_MODULE = YES;
				DYLIB_COMPATIBILITY_VERSION = 1;
				DYLIB_CURRENT_VERSION = 1;
				DYLIB_INSTALL_NAME_BASE = "@rpath";
				INFOPLIST_FILE = Shared/Info.plist;
				INSTALL_PATH = "$(LOCAL_LIBRARY_DIR)/Frameworks";
				LD_RUNPATH_SEARCH_PATHS = (
					"$(inherited)",
					"@executable_path/../Frameworks",
				);
				MACOSX_DEPLOYMENT_TARGET = 10.14;
				SDKROOT = macosx;
				SKIP_INSTALL = YES;
				VERSIONING_SYSTEM = "apple-generic";
			};
			name = Debug;
		};
		9085B92F4E55227BA54C5C4A0DBEEF58 /* Debug */ = {
			isa = XCBuildConfiguration;
			baseConfigurationReference = DC100E6149E7E252224D63CCB76A1076 /* CoreTests.xcconfig */;
			buildSettings = {
				BUNDLE_LOADER = "$(TEST_HOST)";
				COMBINE_HIDPI_IMAGES = YES;
				INFOPLIST_FILE = Tests/CoreTests/Info.plist;
				LD_RUNPATH_SEARCH_PATHS = (
					"$(inherited)",
					"@executable_path/../Frameworks",
					"@loader_path/../Frameworks",
				);
				SDKROOT = macosx;
			};
			name = Debug;
		};
		9152FA42B1A6A1135590F4BB1C936761 /* Release */ = {
			isa = XCBuildConfiguration;
			baseConfigurationReference = 9B4BF80C1F3EEE1A3D924EA42F1B8049 /* Core-Release.xcconfig */;
			buildSettings = {
				CODE_SIGN_IDENTITY = "";
				COMBINE_HIDPI_IMAGES = YES;
				CURRENT_PROJECT_VERSION = 1;
				DEFINES_MODULE = YES;
				DYLIB_COMPATIBILITY_VERSION = 1;
				DYLIB_CURRENT_VERSION = 1;
				DYLIB_INSTALL_NAME_BASE = "@rpath";
				INFOPLIST_FILE = Core/Info.plist;
				INSTALL_PATH = "$(LOCAL_LIBRARY_DIR)/Frameworks";
				LD_RUNPATH_SEARCH_PATHS = (
					"$(inherited)",
					"@executable_path/../Frameworks",
				);
				MACOSX_DEPLOYMENT_TARGET = 10.14;
				SDKROOT = macosx;
				SKIP_INSTALL = YES;
				VERSIONING_SYSTEM = "apple-generic";
			};
			name = Release;
		};
		A4AD73196A97688598268E8EF6CD4E06 /* Release */ = {
			isa = XCBuildConfiguration;
			baseConfigurationReference = 6A089375DEC66CBB5AACE8E8 /* Pods-TPLProjectName-iOSTests.release.xcconfig */;
			buildSettings = {
				BUNDLE_LOADER = "$(TEST_HOST)";
				COMBINE_HIDPI_IMAGES = YES;
				INFOPLIST_FILE = "Tests/iOS/TPLProjectName-iOSTests/Info.plist";
				LD_RUNPATH_SEARCH_PATHS = (
					"$(inherited)",
					"@executable_path/../Frameworks",
					"@loader_path/../Frameworks",
				);
				SDKROOT = macosx;
				TEST_HOST = "$(BUILT_PRODUCTS_DIR)/TPLProjectName-iOS.app/TPLProjectName-iOS";
				TEST_TARGET_NAME = "TPLProjectName-iOS";
			};
			name = Release;
		};
		A95173120C6DF4FB3E85A8491FC93707 /* Debug */ = {
			isa = XCBuildConfiguration;
			baseConfigurationReference = 79DA6EAD559AC24BA829E223FB4F3D8C /* TPLProjectName-iOSTests.xcconfig */;
			buildSettings = {
				BUNDLE_LOADER = "$(TEST_HOST)";
				COMBINE_HIDPI_IMAGES = YES;
				INFOPLIST_FILE = "Tests/iOS/TPLProjectName-iOSTests/Info.plist";
				LD_RUNPATH_SEARCH_PATHS = (
					"$(inherited)",
					"@executable_path/../Frameworks",
					"@loader_path/../Frameworks",
				);
				SDKROOT = macosx;
				TEST_HOST = "$(BUILT_PRODUCTS_DIR)/TPLProjectName-iOS.app/TPLProjectName-iOS";
				TEST_TARGET_NAME = "TPLProjectName-iOS";
			};
			name = Debug;
		};
		D0FEFE28BB61FDB669E57DF093539AB1 /* Release */ = {
			isa = XCBuildConfiguration;
			baseConfigurationReference = 00E04DAD8848A7874CC1D9E6 /* Pods-SharedTests.release.xcconfig */;
			buildSettings = {
				BUNDLE_LOADER = "$(TEST_HOST)";
				COMBINE_HIDPI_IMAGES = YES;
				INFOPLIST_FILE = Tests/SharedTests/Info.plist;
				LD_RUNPATH_SEARCH_PATHS = (
					"$(inherited)",
					"@executable_path/../Frameworks",
					"@loader_path/../Frameworks",
				);
				SDKROOT = macosx;
			};
			name = Release;
		};
		DBF4B73129402760E1553A8ACDB94790 /* Debug */ = {
			isa = XCBuildConfiguration;
			buildSettings = {
				ALWAYS_SEARCH_USER_PATHS = NO;
				CLANG_ANALYZER_NONNULL = YES;
				CLANG_ANALYZER_NUMBER_OBJECT_CONVERSION = YES_AGGRESSIVE;
				CLANG_CXX_LANGUAGE_STANDARD = "gnu++14";
				CLANG_CXX_LIBRARY = "libc++";
				CLANG_ENABLE_MODULES = YES;
				CLANG_ENABLE_OBJC_ARC = YES;
				CLANG_WARN_BLOCK_CAPTURE_AUTORELEASING = YES;
				CLANG_WARN_BOOL_CONVERSION = YES;
				CLANG_WARN_COMMA = YES;
				CLANG_WARN_CONSTANT_CONVERSION = YES;
				CLANG_WARN_DEPRECATED_OBJC_IMPLEMENTATIONS = YES;
				CLANG_WARN_DIRECT_OBJC_ISA_USAGE = YES_ERROR;
				CLANG_WARN_DOCUMENTATION_COMMENTS = YES;
				CLANG_WARN_EMPTY_BODY = YES;
				CLANG_WARN_ENUM_CONVERSION = YES;
				CLANG_WARN_INFINITE_RECURSION = YES;
				CLANG_WARN_INT_CONVERSION = YES;
				CLANG_WARN_NON_LITERAL_NULL_CONVERSION = YES;
				CLANG_WARN_OBJC_IMPLICIT_RETAIN_SELF = YES;
				CLANG_WARN_OBJC_LITERAL_CONVERSION = YES;
				CLANG_WARN_OBJC_ROOT_CLASS = YES_ERROR;
				CLANG_WARN_RANGE_LOOP_ANALYSIS = YES;
				CLANG_WARN_STRICT_PROTOTYPES = YES;
				CLANG_WARN_SUSPICIOUS_MOVE = YES;
				CLANG_WARN_UNGUARDED_AVAILABILITY = YES_AGGRESSIVE;
				CLANG_WARN_UNREACHABLE_CODE = YES;
				CLANG_WARN__DUPLICATE_METHOD_MATCH = YES;
				COPY_PHASE_STRIP = NO;
				DEBUG_INFORMATION_FORMAT = dwarf;
				ENABLE_STRICT_OBJC_MSGSEND = YES;
				ENABLE_TESTABILITY = YES;
				GCC_C_LANGUAGE_STANDARD = gnu11;
				GCC_DYNAMIC_NO_PIC = NO;
				GCC_NO_COMMON_BLOCKS = YES;
				GCC_OPTIMIZATION_LEVEL = 0;
				GCC_PREPROCESSOR_DEFINITIONS = (
					"$(inherited)",
					"DEBUG=1",
				);
				GCC_WARN_64_TO_32_BIT_CONVERSION = YES;
				GCC_WARN_ABOUT_RETURN_TYPE = YES_ERROR;
				GCC_WARN_UNDECLARED_SELECTOR = YES;
				GCC_WARN_UNINITIALIZED_AUTOS = YES_AGGRESSIVE;
				GCC_WARN_UNUSED_FUNCTION = YES;
				GCC_WARN_UNUSED_VARIABLE = YES;
				MTL_ENABLE_DEBUG_INFO = YES;
				ONLY_ACTIVE_ARCH = YES;
				PRODUCT_NAME = "$(TARGET_NAME)";
				SWIFT_ACTIVE_COMPILATION_CONDITIONS = DEBUG;
				SWIFT_OPTIMIZATION_LEVEL = "-Onone";
				SWIFT_VERSION = 5.0;
			};
			name = Debug;
		};
		EE1BFD1116BE103740CE125B47D1D882 /* Release */ = {
			isa = XCBuildConfiguration;
			baseConfigurationReference = 9A97DCC9B2055825D3F6F2A6 /* Pods-TPLProjectName-macOSTests.release.xcconfig */;
			buildSettings = {
				BUNDLE_LOADER = "$(TEST_HOST)";
				COMBINE_HIDPI_IMAGES = YES;
				INFOPLIST_FILE = "Tests/macOS/TPLProjectName-macOSTests/Info.plist";
				LD_RUNPATH_SEARCH_PATHS = (
					"$(inherited)",
					"@executable_path/../Frameworks",
					"@loader_path/../Frameworks",
				);
				SDKROOT = macosx;
				TEST_HOST = "$(BUILT_PRODUCTS_DIR)/TPLProjectName-macOS.app/TPLProjectName-macOS";
				TEST_TARGET_NAME = "TPLProjectName-macOS";
			};
			name = Release;
		};
/* End XCBuildConfiguration section */

/* Begin XCConfigurationList section */
		0999CF2F293888100444D12710C0DFEB /* Build configuration list for PBXNativeTarget "TPLProjectName-iOS" */ = {
			isa = XCConfigurationList;
			buildConfigurations = (
				36EE28D3A239B640B0B031BE00E184A0 /* Debug */,
				62C12A4A9DA5D668A47D2F625F2D2D5F /* Release */,
			);
			defaultConfigurationIsVisible = 0;
			defaultConfigurationName = "";
		};
		29831C65BCE506FEF477448C53FDCC05 /* Build configuration list for PBXNativeTarget "Core" */ = {
			isa = XCConfigurationList;
			buildConfigurations = (
				4AF466A014EDC2E71E9F665680497A64 /* Debug */,
				9152FA42B1A6A1135590F4BB1C936761 /* Release */,
			);
			defaultConfigurationIsVisible = 0;
			defaultConfigurationName = "";
		};
		3769C2B8FFC401E6FD1756E8EACDDFF4 /* Build configuration list for PBXNativeTarget "SharedTests" */ = {
			isa = XCConfigurationList;
			buildConfigurations = (
				178B3A0774D5B10AA81100B17C3B1C83 /* Debug */,
				D0FEFE28BB61FDB669E57DF093539AB1 /* Release */,
			);
			defaultConfigurationIsVisible = 0;
			defaultConfigurationName = "";
		};
		538FF6032DCE3568939362C4589D38BB /* Build configuration list for PBXNativeTarget "TPLProjectName-macOSTests" */ = {
			isa = XCConfigurationList;
			buildConfigurations = (
				18472C1BDFF30852C2A4CF4E13F8CB8C /* Debug */,
				EE1BFD1116BE103740CE125B47D1D882 /* Release */,
			);
			defaultConfigurationIsVisible = 0;
			defaultConfigurationName = "";
		};
		755C23362DDEFD99039DBD50A0370685 /* Build configuration list for PBXNativeTarget "Shared" */ = {
			isa = XCConfigurationList;
			buildConfigurations = (
				9036E1795E08EDCAC0B147B448D29CF3 /* Debug */,
				071219D483272E2819C6C8611C3A16FE /* Release */,
			);
			defaultConfigurationIsVisible = 0;
			defaultConfigurationName = "";
		};
		76FA70A735074EDA1B45D7605F343B96 /* Build configuration list for PBXNativeTarget "TPLProjectName-iOSTests" */ = {
			isa = XCConfigurationList;
			buildConfigurations = (
				A95173120C6DF4FB3E85A8491FC93707 /* Debug */,
				A4AD73196A97688598268E8EF6CD4E06 /* Release */,
			);
			defaultConfigurationIsVisible = 0;
			defaultConfigurationName = "";
		};
		8BBB2C9D45B8567BBAF049086187E699 /* Build configuration list for PBXProject "TPLProjectName" */ = {
			isa = XCConfigurationList;
			buildConfigurations = (
				DBF4B73129402760E1553A8ACDB94790 /* Debug */,
				8D8B23AA940824F0253168AE3819086D /* Release */,
			);
			defaultConfigurationIsVisible = 0;
			defaultConfigurationName = Debug;
		};
		A9149557F89ABCA6FD89BCC02ABD2DFC /* Build configuration list for PBXNativeTarget "TPLProjectName-macOS" */ = {
			isa = XCConfigurationList;
			buildConfigurations = (
				2FAEC305454ECE50F9DA436065538779 /* Debug */,
				766246BA1C0086509D0ECA8EDE61F755 /* Release */,
			);
			defaultConfigurationIsVisible = 0;
			defaultConfigurationName = "";
		};
		FB6BA51099E6C9A6B5DF4BC2AEEC1FD9 /* Build configuration list for PBXNativeTarget "CoreTests" */ = {
			isa = XCConfigurationList;
			buildConfigurations = (
				9085B92F4E55227BA54C5C4A0DBEEF58 /* Debug */,
				5851B0F04D7ACF4641507E52E169037D /* Release */,
			);
			defaultConfigurationIsVisible = 0;
			defaultConfigurationName = "";
		};
/* End XCConfigurationList section */
	};
	rootObject = BE91A3929EA684E146F77E8FED5899DB /* Project object */;
}
